// !$*UTF8*$!
{
	archiveVersion = 1;
	classes = {
	};
	objectVersion = 56;
	objects = {

/* Begin PBXBuildFile section */
		22108B3F29D24203004EB964 /* CircleLabel.swift in Sources */ = {isa = PBXBuildFile; fileRef = 22108B3E29D24203004EB964 /* CircleLabel.swift */; };
		2224C65629CFC10600222FD4 /* MapView.swift in Sources */ = {isa = PBXBuildFile; fileRef = 2224C65529CFC10600222FD4 /* MapView.swift */; };
		2224C65829CFC2E400222FD4 /* Annotation.swift in Sources */ = {isa = PBXBuildFile; fileRef = 2224C65729CFC2E400222FD4 /* Annotation.swift */; };
		2224C65A29CFC49A00222FD4 /* HeaderView.swift in Sources */ = {isa = PBXBuildFile; fileRef = 2224C65929CFC49A00222FD4 /* HeaderView.swift */; };
		2224C65C29CFCB4B00222FD4 /* Extensions.swift in Sources */ = {isa = PBXBuildFile; fileRef = 2224C65B29CFCB4B00222FD4 /* Extensions.swift */; };
		2224C66429D1D18400222FD4 /* CompassView.swift in Sources */ = {isa = PBXBuildFile; fileRef = 2224C66329D1D18400222FD4 /* CompassView.swift */; };
		22C9436729C64A0100E41651 /* Bathroom.swift in Sources */ = {isa = PBXBuildFile; fileRef = 22C9436629C64A0100E41651 /* Bathroom.swift */; };
		22C9436929C64EB100E41651 /* BathroomAttendant.swift in Sources */ = {isa = PBXBuildFile; fileRef = 22C9436829C64EB100E41651 /* BathroomAttendant.swift */; };
		22C9436B29C7937700E41651 /* LocationAttendant.swift in Sources */ = {isa = PBXBuildFile; fileRef = 22C9436A29C7937700E41651 /* LocationAttendant.swift */; };
		22DE02EC29C8084F00C21D67 /* BathroomView.swift in Sources */ = {isa = PBXBuildFile; fileRef = 22DE02EB29C8084F00C21D67 /* BathroomView.swift */; };
		22F2521229B57B990010223E /* G2GApp.swift in Sources */ = {isa = PBXBuildFile; fileRef = 22F2521129B57B990010223E /* G2GApp.swift */; };
		22F2521429B57B990010223E /* ContentView.swift in Sources */ = {isa = PBXBuildFile; fileRef = 22F2521329B57B990010223E /* ContentView.swift */; };
		22F2521629B57B990010223E /* Assets.xcassets in Resources */ = {isa = PBXBuildFile; fileRef = 22F2521529B57B990010223E /* Assets.xcassets */; };
		22F2521929B57B990010223E /* Preview Assets.xcassets in Resources */ = {isa = PBXBuildFile; fileRef = 22F2521829B57B990010223E /* Preview Assets.xcassets */; };
/* End PBXBuildFile section */

/* Begin PBXFileReference section */
		22108B3E29D24203004EB964 /* CircleLabel.swift */ = {isa = PBXFileReference; lastKnownFileType = sourcecode.swift; path = CircleLabel.swift; sourceTree = "<group>"; };
		2224C65529CFC10600222FD4 /* MapView.swift */ = {isa = PBXFileReference; lastKnownFileType = sourcecode.swift; path = MapView.swift; sourceTree = "<group>"; };
		2224C65729CFC2E400222FD4 /* Annotation.swift */ = {isa = PBXFileReference; lastKnownFileType = sourcecode.swift; path = Annotation.swift; sourceTree = "<group>"; };
		2224C65929CFC49A00222FD4 /* HeaderView.swift */ = {isa = PBXFileReference; lastKnownFileType = sourcecode.swift; path = HeaderView.swift; sourceTree = "<group>"; };
		2224C65B29CFCB4B00222FD4 /* Extensions.swift */ = {isa = PBXFileReference; lastKnownFileType = sourcecode.swift; path = Extensions.swift; sourceTree = "<group>"; };
		2224C66329D1D18400222FD4 /* CompassView.swift */ = {isa = PBXFileReference; lastKnownFileType = sourcecode.swift; path = CompassView.swift; sourceTree = "<group>"; };
		22C9436629C64A0100E41651 /* Bathroom.swift */ = {isa = PBXFileReference; lastKnownFileType = sourcecode.swift; path = Bathroom.swift; sourceTree = "<group>"; };
		22C9436829C64EB100E41651 /* BathroomAttendant.swift */ = {isa = PBXFileReference; lastKnownFileType = sourcecode.swift; path = BathroomAttendant.swift; sourceTree = "<group>"; };
		22C9436A29C7937700E41651 /* LocationAttendant.swift */ = {isa = PBXFileReference; lastKnownFileType = sourcecode.swift; path = LocationAttendant.swift; sourceTree = "<group>"; };
		22C9436C29C7E26300E41651 /* G2G.entitlements */ = {isa = PBXFileReference; lastKnownFileType = text.plist.entitlements; path = G2G.entitlements; sourceTree = "<group>"; };
		22DE02EB29C8084F00C21D67 /* BathroomView.swift */ = {isa = PBXFileReference; lastKnownFileType = sourcecode.swift; path = BathroomView.swift; sourceTree = "<group>"; };
		22F2520E29B57B990010223E /* G2G.app */ = {isa = PBXFileReference; explicitFileType = wrapper.application; includeInIndex = 0; path = G2G.app; sourceTree = BUILT_PRODUCTS_DIR; };
		22F2521129B57B990010223E /* G2GApp.swift */ = {isa = PBXFileReference; lastKnownFileType = sourcecode.swift; path = G2GApp.swift; sourceTree = "<group>"; };
		22F2521329B57B990010223E /* ContentView.swift */ = {isa = PBXFileReference; lastKnownFileType = sourcecode.swift; path = ContentView.swift; sourceTree = "<group>"; };
		22F2521529B57B990010223E /* Assets.xcassets */ = {isa = PBXFileReference; lastKnownFileType = folder.assetcatalog; path = Assets.xcassets; sourceTree = "<group>"; };
		22F2521829B57B990010223E /* Preview Assets.xcassets */ = {isa = PBXFileReference; lastKnownFileType = folder.assetcatalog; path = "Preview Assets.xcassets"; sourceTree = "<group>"; };
/* End PBXFileReference section */

/* Begin PBXFrameworksBuildPhase section */
		22F2520B29B57B990010223E /* Frameworks */ = {
			isa = PBXFrameworksBuildPhase;
			buildActionMask = 2147483647;
			files = (
			);
			runOnlyForDeploymentPostprocessing = 0;
		};
/* End PBXFrameworksBuildPhase section */

/* Begin PBXGroup section */
		22F2520529B57B990010223E = {
			isa = PBXGroup;
			children = (
				22F2521029B57B990010223E /* G2G */,
				22F2520F29B57B990010223E /* Products */,
			);
			sourceTree = "<group>";
		};
		22F2520F29B57B990010223E /* Products */ = {
			isa = PBXGroup;
			children = (
				22F2520E29B57B990010223E /* G2G.app */,
			);
			name = Products;
			sourceTree = "<group>";
		};
		22F2521029B57B990010223E /* G2G */ = {
			isa = PBXGroup;
			children = (
				22C9436C29C7E26300E41651 /* G2G.entitlements */,
				22F2521129B57B990010223E /* G2GApp.swift */,
				22F2521329B57B990010223E /* ContentView.swift */,
				22C9436629C64A0100E41651 /* Bathroom.swift */,
				22C9436829C64EB100E41651 /* BathroomAttendant.swift */,
				22C9436A29C7937700E41651 /* LocationAttendant.swift */,
				22DE02EB29C8084F00C21D67 /* BathroomView.swift */,
				2224C65529CFC10600222FD4 /* MapView.swift */,
				2224C65729CFC2E400222FD4 /* Annotation.swift */,
				2224C65929CFC49A00222FD4 /* HeaderView.swift */,
				2224C65B29CFCB4B00222FD4 /* Extensions.swift */,
				2224C66329D1D18400222FD4 /* CompassView.swift */,
				22108B3E29D24203004EB964 /* CircleLabel.swift */,
				22F2521529B57B990010223E /* Assets.xcassets */,
				22F2521729B57B990010223E /* Preview Content */,
			);
			path = G2G;
			sourceTree = "<group>";
		};
		22F2521729B57B990010223E /* Preview Content */ = {
			isa = PBXGroup;
			children = (
				22F2521829B57B990010223E /* Preview Assets.xcassets */,
			);
			path = "Preview Content";
			sourceTree = "<group>";
		};
/* End PBXGroup section */

/* Begin PBXNativeTarget section */
		22F2520D29B57B990010223E /* G2G */ = {
			isa = PBXNativeTarget;
			buildConfigurationList = 22F2521C29B57B990010223E /* Build configuration list for PBXNativeTarget "G2G" */;
			buildPhases = (
				22F2520A29B57B990010223E /* Sources */,
				22F2520B29B57B990010223E /* Frameworks */,
				22F2520C29B57B990010223E /* Resources */,
			);
			buildRules = (
			);
			dependencies = (
			);
			name = G2G;
			productName = G2G;
			productReference = 22F2520E29B57B990010223E /* G2G.app */;
			productType = "com.apple.product-type.application";
		};
/* End PBXNativeTarget section */

/* Begin PBXProject section */
		22F2520629B57B990010223E /* Project object */ = {
			isa = PBXProject;
			attributes = {
				BuildIndependentTargetsInParallel = 1;
				LastSwiftUpdateCheck = 1400;
				LastUpgradeCheck = 1400;
				TargetAttributes = {
					22F2520D29B57B990010223E = {
						CreatedOnToolsVersion = 14.0;
					};
				};
			};
			buildConfigurationList = 22F2520929B57B990010223E /* Build configuration list for PBXProject "G2G" */;
			compatibilityVersion = "Xcode 14.0";
			developmentRegion = en;
			hasScannedForEncodings = 0;
			knownRegions = (
				en,
				Base,
			);
			mainGroup = 22F2520529B57B990010223E;
			productRefGroup = 22F2520F29B57B990010223E /* Products */;
			projectDirPath = "";
			projectRoot = "";
			targets = (
				22F2520D29B57B990010223E /* G2G */,
			);
		};
/* End PBXProject section */

/* Begin PBXResourcesBuildPhase section */
		22F2520C29B57B990010223E /* Resources */ = {
			isa = PBXResourcesBuildPhase;
			buildActionMask = 2147483647;
			files = (
				22F2521929B57B990010223E /* Preview Assets.xcassets in Resources */,
				22F2521629B57B990010223E /* Assets.xcassets in Resources */,
			);
			runOnlyForDeploymentPostprocessing = 0;
		};
/* End PBXResourcesBuildPhase section */

/* Begin PBXSourcesBuildPhase section */
		22F2520A29B57B990010223E /* Sources */ = {
			isa = PBXSourcesBuildPhase;
			buildActionMask = 2147483647;
			files = (
				2224C65629CFC10600222FD4 /* MapView.swift in Sources */,
				2224C65A29CFC49A00222FD4 /* HeaderView.swift in Sources */,
				22DE02EC29C8084F00C21D67 /* BathroomView.swift in Sources */,
				22C9436B29C7937700E41651 /* LocationAttendant.swift in Sources */,
				2224C66429D1D18400222FD4 /* CompassView.swift in Sources */,
				22C9436729C64A0100E41651 /* Bathroom.swift in Sources */,
				2224C65C29CFCB4B00222FD4 /* Extensions.swift in Sources */,
				22C9436929C64EB100E41651 /* BathroomAttendant.swift in Sources */,
				22F2521429B57B990010223E /* ContentView.swift in Sources */,
				2224C65829CFC2E400222FD4 /* Annotation.swift in Sources */,
				22108B3F29D24203004EB964 /* CircleLabel.swift in Sources */,
				22F2521229B57B990010223E /* G2GApp.swift in Sources */,
			);
			runOnlyForDeploymentPostprocessing = 0;
		};
/* End PBXSourcesBuildPhase section */

/* Begin XCBuildConfiguration section */
		22F2521A29B57B990010223E /* Debug */ = {
			isa = XCBuildConfiguration;
			buildSettings = {
				ALWAYS_SEARCH_USER_PATHS = NO;
				CLANG_ANALYZER_NONNULL = YES;
				CLANG_ANALYZER_NUMBER_OBJECT_CONVERSION = YES_AGGRESSIVE;
				CLANG_CXX_LANGUAGE_STANDARD = "gnu++20";
				CLANG_ENABLE_MODULES = YES;
				CLANG_ENABLE_OBJC_ARC = YES;
				CLANG_ENABLE_OBJC_WEAK = YES;
				CLANG_WARN_BLOCK_CAPTURE_AUTORELEASING = YES;
				CLANG_WARN_BOOL_CONVERSION = YES;
				CLANG_WARN_COMMA = YES;
				CLANG_WARN_CONSTANT_CONVERSION = YES;
				CLANG_WARN_DEPRECATED_OBJC_IMPLEMENTATIONS = YES;
				CLANG_WARN_DIRECT_OBJC_ISA_USAGE = YES_ERROR;
				CLANG_WARN_DOCUMENTATION_COMMENTS = YES;
				CLANG_WARN_EMPTY_BODY = YES;
				CLANG_WARN_ENUM_CONVERSION = YES;
				CLANG_WARN_INFINITE_RECURSION = YES;
				CLANG_WARN_INT_CONVERSION = YES;
				CLANG_WARN_NON_LITERAL_NULL_CONVERSION = YES;
				CLANG_WARN_OBJC_IMPLICIT_RETAIN_SELF = YES;
				CLANG_WARN_OBJC_LITERAL_CONVERSION = YES;
				CLANG_WARN_OBJC_ROOT_CLASS = YES_ERROR;
				CLANG_WARN_QUOTED_INCLUDE_IN_FRAMEWORK_HEADER = YES;
				CLANG_WARN_RANGE_LOOP_ANALYSIS = YES;
				CLANG_WARN_STRICT_PROTOTYPES = YES;
				CLANG_WARN_SUSPICIOUS_MOVE = YES;
				CLANG_WARN_UNGUARDED_AVAILABILITY = YES_AGGRESSIVE;
				CLANG_WARN_UNREACHABLE_CODE = YES;
				CLANG_WARN__DUPLICATE_METHOD_MATCH = YES;
				COPY_PHASE_STRIP = NO;
				DEBUG_INFORMATION_FORMAT = dwarf;
				ENABLE_STRICT_OBJC_MSGSEND = YES;
				ENABLE_TESTABILITY = YES;
				GCC_C_LANGUAGE_STANDARD = gnu11;
				GCC_DYNAMIC_NO_PIC = NO;
				GCC_NO_COMMON_BLOCKS = YES;
				GCC_OPTIMIZATION_LEVEL = 0;
				GCC_PREPROCESSOR_DEFINITIONS = (
					"DEBUG=1",
					"$(inherited)",
				);
				GCC_WARN_64_TO_32_BIT_CONVERSION = YES;
				GCC_WARN_ABOUT_RETURN_TYPE = YES_ERROR;
				GCC_WARN_UNDECLARED_SELECTOR = YES;
				GCC_WARN_UNINITIALIZED_AUTOS = YES_AGGRESSIVE;
				GCC_WARN_UNUSED_FUNCTION = YES;
				GCC_WARN_UNUSED_VARIABLE = YES;
				IPHONEOS_DEPLOYMENT_TARGET = 16.0;
				MTL_ENABLE_DEBUG_INFO = INCLUDE_SOURCE;
				MTL_FAST_MATH = YES;
				ONLY_ACTIVE_ARCH = YES;
				SDKROOT = iphoneos;
				SWIFT_ACTIVE_COMPILATION_CONDITIONS = DEBUG;
				SWIFT_OPTIMIZATION_LEVEL = "-Onone";
			};
			name = Debug;
		};
		22F2521B29B57B990010223E /* Release */ = {
			isa = XCBuildConfiguration;
			buildSettings = {
				ALWAYS_SEARCH_USER_PATHS = NO;
				CLANG_ANALYZER_NONNULL = YES;
				CLANG_ANALYZER_NUMBER_OBJECT_CONVERSION = YES_AGGRESSIVE;
				CLANG_CXX_LANGUAGE_STANDARD = "gnu++20";
				CLANG_ENABLE_MODULES = YES;
				CLANG_ENABLE_OBJC_ARC = YES;
				CLANG_ENABLE_OBJC_WEAK = YES;
				CLANG_WARN_BLOCK_CAPTURE_AUTORELEASING = YES;
				CLANG_WARN_BOOL_CONVERSION = YES;
				CLANG_WARN_COMMA = YES;
				CLANG_WARN_CONSTANT_CONVERSION = YES;
				CLANG_WARN_DEPRECATED_OBJC_IMPLEMENTATIONS = YES;
				CLANG_WARN_DIRECT_OBJC_ISA_USAGE = YES_ERROR;
				CLANG_WARN_DOCUMENTATION_COMMENTS = YES;
				CLANG_WARN_EMPTY_BODY = YES;
				CLANG_WARN_ENUM_CONVERSION = YES;
				CLANG_WARN_INFINITE_RECURSION = YES;
				CLANG_WARN_INT_CONVERSION = YES;
				CLANG_WARN_NON_LITERAL_NULL_CONVERSION = YES;
				CLANG_WARN_OBJC_IMPLICIT_RETAIN_SELF = YES;
				CLANG_WARN_OBJC_LITERAL_CONVERSION = YES;
				CLANG_WARN_OBJC_ROOT_CLASS = YES_ERROR;
				CLANG_WARN_QUOTED_INCLUDE_IN_FRAMEWORK_HEADER = YES;
				CLANG_WARN_RANGE_LOOP_ANALYSIS = YES;
				CLANG_WARN_STRICT_PROTOTYPES = YES;
				CLANG_WARN_SUSPICIOUS_MOVE = YES;
				CLANG_WARN_UNGUARDED_AVAILABILITY = YES_AGGRESSIVE;
				CLANG_WARN_UNREACHABLE_CODE = YES;
				CLANG_WARN__DUPLICATE_METHOD_MATCH = YES;
				COPY_PHASE_STRIP = NO;
				DEBUG_INFORMATION_FORMAT = "dwarf-with-dsym";
				ENABLE_NS_ASSERTIONS = NO;
				ENABLE_STRICT_OBJC_MSGSEND = YES;
				GCC_C_LANGUAGE_STANDARD = gnu11;
				GCC_NO_COMMON_BLOCKS = YES;
				GCC_WARN_64_TO_32_BIT_CONVERSION = YES;
				GCC_WARN_ABOUT_RETURN_TYPE = YES_ERROR;
				GCC_WARN_UNDECLARED_SELECTOR = YES;
				GCC_WARN_UNINITIALIZED_AUTOS = YES_AGGRESSIVE;
				GCC_WARN_UNUSED_FUNCTION = YES;
				GCC_WARN_UNUSED_VARIABLE = YES;
				IPHONEOS_DEPLOYMENT_TARGET = 16.0;
				MTL_ENABLE_DEBUG_INFO = NO;
				MTL_FAST_MATH = YES;
				SDKROOT = iphoneos;
				SWIFT_COMPILATION_MODE = wholemodule;
				SWIFT_OPTIMIZATION_LEVEL = "-O";
				VALIDATE_PRODUCT = YES;
			};
			name = Release;
		};
		22F2521D29B57B990010223E /* Debug */ = {
			isa = XCBuildConfiguration;
			buildSettings = {
				ASSETCATALOG_COMPILER_APPICON_NAME = AppIcon;
				ASSETCATALOG_COMPILER_GLOBAL_ACCENT_COLOR_NAME = AccentColor;
				CODE_SIGN_ENTITLEMENTS = G2G/G2G.entitlements;
				CODE_SIGN_STYLE = Automatic;
				CURRENT_PROJECT_VERSION = 1;
				DEVELOPMENT_ASSET_PATHS = "\"G2G/Preview Content\"";
				DEVELOPMENT_TEAM = 2RHGHNZ58B;
				ENABLE_PREVIEWS = YES;
				GENERATE_INFOPLIST_FILE = YES;
				INFOPLIST_KEY_CFBundleDisplayName = g2gnyc;
				INFOPLIST_KEY_LSApplicationCategoryType = "public.app-category.utilities";
				INFOPLIST_KEY_NSLocationWhenInUseUsageDescription = "G2G only uses your location to determine how far away bathrooms are from you. It will never be tracked or stored.";
				INFOPLIST_KEY_UIApplicationSceneManifest_Generation = YES;
				INFOPLIST_KEY_UIApplicationSupportsIndirectInputEvents = YES;
				INFOPLIST_KEY_UILaunchScreen_Generation = YES;
				INFOPLIST_KEY_UISupportedInterfaceOrientations = UIInterfaceOrientationPortrait;
				INFOPLIST_KEY_UISupportedInterfaceOrientations_iPad = "UIInterfaceOrientationLandscapeLeft UIInterfaceOrientationLandscapeRight UIInterfaceOrientationPortrait UIInterfaceOrientationPortraitUpsideDown";
				LD_RUNPATH_SEARCH_PATHS = (
					"$(inherited)",
					"@executable_path/Frameworks",
				);
				MARKETING_VERSION = 1.0;
				PRODUCT_BUNDLE_IDENTIFIER = com.paool.bathroom;
				PRODUCT_NAME = "$(TARGET_NAME)";
				SUPPORTED_PLATFORMS = "iphoneos iphonesimulator";
				SUPPORTS_MACCATALYST = YES;
				SUPPORTS_MAC_DESIGNED_FOR_IPHONE_IPAD = NO;
				SWIFT_EMIT_LOC_STRINGS = YES;
				SWIFT_VERSION = 5.0;
				TARGETED_DEVICE_FAMILY = "1,2";
			};
			name = Debug;
		};
		22F2521E29B57B990010223E /* Release */ = {
			isa = XCBuildConfiguration;
			buildSettings = {
				ASSETCATALOG_COMPILER_APPICON_NAME = AppIcon;
				ASSETCATALOG_COMPILER_GLOBAL_ACCENT_COLOR_NAME = AccentColor;
				CODE_SIGN_ENTITLEMENTS = G2G/G2G.entitlements;
				CODE_SIGN_STYLE = Automatic;
				CURRENT_PROJECT_VERSION = 1;
				DEVELOPMENT_ASSET_PATHS = "\"G2G/Preview Content\"";
				DEVELOPMENT_TEAM = 2RHGHNZ58B;
				ENABLE_PREVIEWS = YES;
				GENERATE_INFOPLIST_FILE = YES;
				INFOPLIST_KEY_CFBundleDisplayName = g2gnyc;
				INFOPLIST_KEY_LSApplicationCategoryType = "public.app-category.utilities";
				INFOPLIST_KEY_NSLocationWhenInUseUsageDescription = "G2G only uses your location to determine how far away bathrooms are from you. It will never be tracked or stored.";
				INFOPLIST_KEY_UIApplicationSceneManifest_Generation = YES;
				INFOPLIST_KEY_UIApplicationSupportsIndirectInputEvents = YES;
				INFOPLIST_KEY_UILaunchScreen_Generation = YES;
				INFOPLIST_KEY_UISupportedInterfaceOrientations = UIInterfaceOrientationPortrait;
				INFOPLIST_KEY_UISupportedInterfaceOrientations_iPad = "UIInterfaceOrientationLandscapeLeft UIInterfaceOrientationLandscapeRight UIInterfaceOrientationPortrait UIInterfaceOrientationPortraitUpsideDown";
				LD_RUNPATH_SEARCH_PATHS = (
					"$(inherited)",
					"@executable_path/Frameworks",
				);
				MARKETING_VERSION = 1.0;
				PRODUCT_BUNDLE_IDENTIFIER = com.paool.bathroom;
				PRODUCT_NAME = "$(TARGET_NAME)";
				SUPPORTED_PLATFORMS = "iphoneos iphonesimulator";
				SUPPORTS_MACCATALYST = YES;
				SUPPORTS_MAC_DESIGNED_FOR_IPHONE_IPAD = NO;
				SWIFT_EMIT_LOC_STRINGS = YES;
				SWIFT_VERSION = 5.0;
				TARGETED_DEVICE_FAMILY = "1,2";
			};
			name = Release;
		};
/* End XCBuildConfiguration section */

/* Begin XCConfigurationList section */
		22F2520929B57B990010223E /* Build configuration list for PBXProject "G2G" */ = {
			isa = XCConfigurationList;
			buildConfigurations = (
				22F2521A29B57B990010223E /* Debug */,
				22F2521B29B57B990010223E /* Release */,
			);
			defaultConfigurationIsVisible = 0;
			defaultConfigurationName = Release;
		};
		22F2521C29B57B990010223E /* Build configuration list for PBXNativeTarget "G2G" */ = {
			isa = XCConfigurationList;
			buildConfigurations = (
				22F2521D29B57B990010223E /* Debug */,
				22F2521E29B57B990010223E /* Release */,
			);
			defaultConfigurationIsVisible = 0;
			defaultConfigurationName = Release;
		};
/* End XCConfigurationList section */
	};
	rootObject = 22F2520629B57B990010223E /* Project object */;
}
