// !$*UTF8*$!
{
	archiveVersion = 1;
	classes = {
	};
	objectVersion = 56;
	objects = {

/* Begin PBXBuildFile section */
		22108B3F29D24203004EB964 /* CircleLabel.swift in Sources */ = {isa = PBXBuildFile; fileRef = 22108B3E29D24203004EB964 /* CircleLabel.swift */; };
		2224C65629CFC10600222FD4 /* MapView.swift in Sources */ = {isa = PBXBuildFile; fileRef = 2224C65529CFC10600222FD4 /* MapView.swift */; };
		2224C65829CFC2E400222FD4 /* Annotation.swift in Sources */ = {isa = PBXBuildFile; fileRef = 2224C65729CFC2E400222FD4 /* Annotation.swift */; };
		2224C65C29CFCB4B00222FD4 /* Extensions.swift in Sources */ = {isa = PBXBuildFile; fileRef = 2224C65B29CFCB4B00222FD4 /* Extensions.swift */; };
		2224C66429D1D18400222FD4 /* CompassView.swift in Sources */ = {isa = PBXBuildFile; fileRef = 2224C66329D1D18400222FD4 /* CompassView.swift */; };
		222AD8B429E2362700A18E76 /* SettingsView.swift in Sources */ = {isa = PBXBuildFile; fileRef = 222AD8B329E2362700A18E76 /* SettingsView.swift */; };
		222AD8B629E2392000A18E76 /* SettingsAttendant.swift in Sources */ = {isa = PBXBuildFile; fileRef = 222AD8B529E2392000A18E76 /* SettingsAttendant.swift */; };
		222AD8B829E27DF500A18E76 /* LocationSearchView.swift in Sources */ = {isa = PBXBuildFile; fileRef = 222AD8B729E27DF500A18E76 /* LocationSearchView.swift */; };
		2242742B29E5A8ED00F2C196 /* Gradients.swift in Sources */ = {isa = PBXBuildFile; fileRef = 2242742A29E5A8ED00F2C196 /* Gradients.swift */; };
		2242742E29E60E2D00F2C196 /* Solar in Frameworks */ = {isa = PBXBuildFile; productRef = 2242742D29E60E2D00F2C196 /* Solar */; };
		2242ABED29E78E8300AFD64F /* ComposableArchitecture in Frameworks */ = {isa = PBXBuildFile; productRef = 2242ABEC29E78E8300AFD64F /* ComposableArchitecture */; };
		2242ABEF29E7C5F600AFD64F /* CalendarChooser.swift in Sources */ = {isa = PBXBuildFile; fileRef = 2242ABEE29E7C5F600AFD64F /* CalendarChooser.swift */; };
		2242ABF129E7C5FF00AFD64F /* EventsRepository.swift in Sources */ = {isa = PBXBuildFile; fileRef = 2242ABF029E7C5FF00AFD64F /* EventsRepository.swift */; };
		2242ABF929E843E300AFD64F /* WidgetKit.framework in Frameworks */ = {isa = PBXBuildFile; fileRef = 2242ABF829E843E300AFD64F /* WidgetKit.framework */; };
		2242ABFB29E843E300AFD64F /* SwiftUI.framework in Frameworks */ = {isa = PBXBuildFile; fileRef = 2242ABFA29E843E300AFD64F /* SwiftUI.framework */; };
		2242AC0029E843E300AFD64F /* ClosestBathroomWidget.swift in Sources */ = {isa = PBXBuildFile; fileRef = 2242ABFF29E843E300AFD64F /* ClosestBathroomWidget.swift */; };
		2242AC0229E843E400AFD64F /* Assets.xcassets in Resources */ = {isa = PBXBuildFile; fileRef = 2242AC0129E843E400AFD64F /* Assets.xcassets */; };
		2242AC0629E843E400AFD64F /* ClosestBathroomWidgetExtension.appex in Embed Foundation Extensions */ = {isa = PBXBuildFile; fileRef = 2242ABF629E843E300AFD64F /* ClosestBathroomWidgetExtension.appex */; settings = {ATTRIBUTES = (RemoveHeadersOnCopy, ); }; };
		2242AC0C29E8455A00AFD64F /* BathroomAttendant.swift in Sources */ = {isa = PBXBuildFile; fileRef = 22C9436829C64EB100E41651 /* BathroomAttendant.swift */; };
		2242AC0D29E8456500AFD64F /* LocationAttendant.swift in Sources */ = {isa = PBXBuildFile; fileRef = 22C9436A29C7937700E41651 /* LocationAttendant.swift */; };
		2242AC0E29E8463F00AFD64F /* Bathroom.swift in Sources */ = {isa = PBXBuildFile; fileRef = 22C9436629C64A0100E41651 /* Bathroom.swift */; };
		2242AC0F29E8481900AFD64F /* LocationSearchView.swift in Sources */ = {isa = PBXBuildFile; fileRef = 222AD8B729E27DF500A18E76 /* LocationSearchView.swift */; };
		2242AC1029E8482800AFD64F /* Annotation.swift in Sources */ = {isa = PBXBuildFile; fileRef = 2224C65729CFC2E400222FD4 /* Annotation.swift */; };
		2242AC1129E8483000AFD64F /* Gradients.swift in Sources */ = {isa = PBXBuildFile; fileRef = 2242742A29E5A8ED00F2C196 /* Gradients.swift */; };
		2242AC1229E8483A00AFD64F /* Extensions.swift in Sources */ = {isa = PBXBuildFile; fileRef = 2224C65B29CFCB4B00222FD4 /* Extensions.swift */; };
		2242AC1429E8495D00AFD64F /* Solar in Frameworks */ = {isa = PBXBuildFile; productRef = 2242AC1329E8495D00AFD64F /* Solar */; };
		2242AC1529E85BE300AFD64F /* CircleLabel.swift in Sources */ = {isa = PBXBuildFile; fileRef = 22108B3E29D24203004EB964 /* CircleLabel.swift */; };
		2242AC1629E85BE500AFD64F /* CompassView.swift in Sources */ = {isa = PBXBuildFile; fileRef = 2224C66329D1D18400222FD4 /* CompassView.swift */; };
		2242AC1729E85BFF00AFD64F /* MapView.swift in Sources */ = {isa = PBXBuildFile; fileRef = 2224C65529CFC10600222FD4 /* MapView.swift */; };
		2242AC1829E9072000AFD64F /* SettingsAttendant.swift in Sources */ = {isa = PBXBuildFile; fileRef = 222AD8B529E2392000A18E76 /* SettingsAttendant.swift */; };
		2242AC1D29EA52CF00AFD64F /* FilteringView.swift in Sources */ = {isa = PBXBuildFile; fileRef = 2242AC1C29EA52CF00AFD64F /* FilteringView.swift */; };
		2242AC2329EB448600AFD64F /* Shiny in Frameworks */ = {isa = PBXBuildFile; productRef = 2242AC2229EB448600AFD64F /* Shiny */; };
		2242AC2529EB44D200AFD64F /* Shiny in Frameworks */ = {isa = PBXBuildFile; productRef = 2242AC2429EB44D200AFD64F /* Shiny */; };
		2242AC2729EB8E4900AFD64F /* CompactStatsView.swift in Sources */ = {isa = PBXBuildFile; fileRef = 2242AC2629EB8E4900AFD64F /* CompactStatsView.swift */; };
		2242AC2929F775C700AFD64F /* BathroomSummaryView.swift in Sources */ = {isa = PBXBuildFile; fileRef = 2242AC2829F775C700AFD64F /* BathroomSummaryView.swift */; };
		2242AC2A29F9E5DB00AFD64F /* BathroomSummaryView.swift in Sources */ = {isa = PBXBuildFile; fileRef = 2242AC2829F775C700AFD64F /* BathroomSummaryView.swift */; };
		2242AC2C29FA0AB300AFD64F /* AppIcon.swift in Sources */ = {isa = PBXBuildFile; fileRef = 2242AC2B29FA0AB300AFD64F /* AppIcon.swift */; };
		225BDBB22A171FD500FB0DA5 /* BathroomList.swift in Sources */ = {isa = PBXBuildFile; fileRef = 221CCF782A04A7B800B0E171 /* BathroomList.swift */; };
		22C9436729C64A0100E41651 /* Bathroom.swift in Sources */ = {isa = PBXBuildFile; fileRef = 22C9436629C64A0100E41651 /* Bathroom.swift */; };
		22C9436929C64EB100E41651 /* BathroomAttendant.swift in Sources */ = {isa = PBXBuildFile; fileRef = 22C9436829C64EB100E41651 /* BathroomAttendant.swift */; };
		22C9436B29C7937700E41651 /* LocationAttendant.swift in Sources */ = {isa = PBXBuildFile; fileRef = 22C9436A29C7937700E41651 /* LocationAttendant.swift */; };
		22D43DD629D47B730085CA4C /* DirectionsView.swift in Sources */ = {isa = PBXBuildFile; fileRef = 22D43DD529D47B730085CA4C /* DirectionsView.swift */; };
		22D691B72A055BCA00291E83 /* BathroomList.swift in Sources */ = {isa = PBXBuildFile; fileRef = 221CCF782A04A7B800B0E171 /* BathroomList.swift */; };
		22DE02EC29C8084F00C21D67 /* BathroomView.swift in Sources */ = {isa = PBXBuildFile; fileRef = 22DE02EB29C8084F00C21D67 /* BathroomView.swift */; };
		22F2521229B57B990010223E /* RestRadarApp.swift in Sources */ = {isa = PBXBuildFile; fileRef = 22F2521129B57B990010223E /* RestRadarApp.swift */; };
		22F2521429B57B990010223E /* HomeView.swift in Sources */ = {isa = PBXBuildFile; fileRef = 22F2521329B57B990010223E /* HomeView.swift */; };
		22F2521629B57B990010223E /* Assets.xcassets in Resources */ = {isa = PBXBuildFile; fileRef = 22F2521529B57B990010223E /* Assets.xcassets */; };
		22F2521929B57B990010223E /* Preview Assets.xcassets in Resources */ = {isa = PBXBuildFile; fileRef = 22F2521829B57B990010223E /* Preview Assets.xcassets */; };
/* End PBXBuildFile section */

/* Begin PBXContainerItemProxy section */
		2242AC0429E843E400AFD64F /* PBXContainerItemProxy */ = {
			isa = PBXContainerItemProxy;
			containerPortal = 22F2520629B57B990010223E /* Project object */;
			proxyType = 1;
			remoteGlobalIDString = 2242ABF529E843E300AFD64F;
			remoteInfo = ClosestBathroomWidgetExtension;
		};
/* End PBXContainerItemProxy section */

/* Begin PBXCopyFilesBuildPhase section */
		2242AC0B29E843E500AFD64F /* Embed Foundation Extensions */ = {
			isa = PBXCopyFilesBuildPhase;
			buildActionMask = 2147483647;
			dstPath = "";
			dstSubfolderSpec = 13;
			files = (
				2242AC0629E843E400AFD64F /* ClosestBathroomWidgetExtension.appex in Embed Foundation Extensions */,
			);
			name = "Embed Foundation Extensions";
			runOnlyForDeploymentPostprocessing = 0;
		};
/* End PBXCopyFilesBuildPhase section */

/* Begin PBXFileReference section */
		22108B3E29D24203004EB964 /* CircleLabel.swift */ = {isa = PBXFileReference; lastKnownFileType = sourcecode.swift; path = CircleLabel.swift; sourceTree = "<group>"; };
		221CCF782A04A7B800B0E171 /* BathroomList.swift */ = {isa = PBXFileReference; lastKnownFileType = sourcecode.swift; path = BathroomList.swift; sourceTree = "<group>"; };
		2224C65529CFC10600222FD4 /* MapView.swift */ = {isa = PBXFileReference; lastKnownFileType = sourcecode.swift; path = MapView.swift; sourceTree = "<group>"; };
		2224C65729CFC2E400222FD4 /* Annotation.swift */ = {isa = PBXFileReference; lastKnownFileType = sourcecode.swift; path = Annotation.swift; sourceTree = "<group>"; };
		2224C65B29CFCB4B00222FD4 /* Extensions.swift */ = {isa = PBXFileReference; lastKnownFileType = sourcecode.swift; path = Extensions.swift; sourceTree = "<group>"; };
		2224C66329D1D18400222FD4 /* CompassView.swift */ = {isa = PBXFileReference; lastKnownFileType = sourcecode.swift; path = CompassView.swift; sourceTree = "<group>"; };
		222AD8B329E2362700A18E76 /* SettingsView.swift */ = {isa = PBXFileReference; lastKnownFileType = sourcecode.swift; path = SettingsView.swift; sourceTree = "<group>"; };
		222AD8B529E2392000A18E76 /* SettingsAttendant.swift */ = {isa = PBXFileReference; lastKnownFileType = sourcecode.swift; path = SettingsAttendant.swift; sourceTree = "<group>"; };
		222AD8B729E27DF500A18E76 /* LocationSearchView.swift */ = {isa = PBXFileReference; lastKnownFileType = sourcecode.swift; path = LocationSearchView.swift; sourceTree = "<group>"; };
		2242742A29E5A8ED00F2C196 /* Gradients.swift */ = {isa = PBXFileReference; lastKnownFileType = sourcecode.swift; path = Gradients.swift; sourceTree = "<group>"; };
		2242742F29E66B0600F2C196 /* Info.plist */ = {isa = PBXFileReference; lastKnownFileType = text.plist; path = Info.plist; sourceTree = "<group>"; };
		2242ABEE29E7C5F600AFD64F /* CalendarChooser.swift */ = {isa = PBXFileReference; fileEncoding = 4; lastKnownFileType = sourcecode.swift; path = CalendarChooser.swift; sourceTree = "<group>"; };
		2242ABF029E7C5FF00AFD64F /* EventsRepository.swift */ = {isa = PBXFileReference; fileEncoding = 4; lastKnownFileType = sourcecode.swift; path = EventsRepository.swift; sourceTree = "<group>"; };
		2242ABF629E843E300AFD64F /* ClosestBathroomWidgetExtension.appex */ = {isa = PBXFileReference; explicitFileType = "wrapper.app-extension"; includeInIndex = 0; path = ClosestBathroomWidgetExtension.appex; sourceTree = BUILT_PRODUCTS_DIR; };
		2242ABF829E843E300AFD64F /* WidgetKit.framework */ = {isa = PBXFileReference; lastKnownFileType = wrapper.framework; name = WidgetKit.framework; path = System/Library/Frameworks/WidgetKit.framework; sourceTree = SDKROOT; };
		2242ABFA29E843E300AFD64F /* SwiftUI.framework */ = {isa = PBXFileReference; lastKnownFileType = wrapper.framework; name = SwiftUI.framework; path = System/Library/Frameworks/SwiftUI.framework; sourceTree = SDKROOT; };
		2242ABFF29E843E300AFD64F /* ClosestBathroomWidget.swift */ = {isa = PBXFileReference; lastKnownFileType = sourcecode.swift; path = ClosestBathroomWidget.swift; sourceTree = "<group>"; };
		2242AC0129E843E400AFD64F /* Assets.xcassets */ = {isa = PBXFileReference; lastKnownFileType = folder.assetcatalog; path = Assets.xcassets; sourceTree = "<group>"; };
		2242AC0329E843E400AFD64F /* Info.plist */ = {isa = PBXFileReference; lastKnownFileType = text.plist.xml; path = Info.plist; sourceTree = "<group>"; };
		2242AC0729E843E500AFD64F /* ClosestBathroomWidgetExtension.entitlements */ = {isa = PBXFileReference; lastKnownFileType = text.plist.entitlements; path = ClosestBathroomWidgetExtension.entitlements; sourceTree = "<group>"; };
		2242AC1C29EA52CF00AFD64F /* FilteringView.swift */ = {isa = PBXFileReference; lastKnownFileType = sourcecode.swift; path = FilteringView.swift; sourceTree = "<group>"; };
		2242AC2629EB8E4900AFD64F /* CompactStatsView.swift */ = {isa = PBXFileReference; lastKnownFileType = sourcecode.swift; path = CompactStatsView.swift; sourceTree = "<group>"; };
		2242AC2829F775C700AFD64F /* BathroomSummaryView.swift */ = {isa = PBXFileReference; lastKnownFileType = sourcecode.swift; path = BathroomSummaryView.swift; sourceTree = "<group>"; };
		2242AC2B29FA0AB300AFD64F /* AppIcon.swift */ = {isa = PBXFileReference; lastKnownFileType = sourcecode.swift; path = AppIcon.swift; sourceTree = "<group>"; };
		22C9436629C64A0100E41651 /* Bathroom.swift */ = {isa = PBXFileReference; lastKnownFileType = sourcecode.swift; path = Bathroom.swift; sourceTree = "<group>"; };
		22C9436829C64EB100E41651 /* BathroomAttendant.swift */ = {isa = PBXFileReference; lastKnownFileType = sourcecode.swift; path = BathroomAttendant.swift; sourceTree = "<group>"; };
		22C9436A29C7937700E41651 /* LocationAttendant.swift */ = {isa = PBXFileReference; lastKnownFileType = sourcecode.swift; path = LocationAttendant.swift; sourceTree = "<group>"; };
		22D43DD529D47B730085CA4C /* DirectionsView.swift */ = {isa = PBXFileReference; lastKnownFileType = sourcecode.swift; path = DirectionsView.swift; sourceTree = "<group>"; };
		22D43DD729DA544E0085CA4C /* lepoint.gpx */ = {isa = PBXFileReference; lastKnownFileType = text.xml; path = lepoint.gpx; sourceTree = "<group>"; };
		22D43DD829DA57280085CA4C /* lepoint2.gpx */ = {isa = PBXFileReference; lastKnownFileType = text.xml; path = lepoint2.gpx; sourceTree = "<group>"; };
		22DE02EB29C8084F00C21D67 /* BathroomView.swift */ = {isa = PBXFileReference; lastKnownFileType = sourcecode.swift; path = BathroomView.swift; sourceTree = "<group>"; };
		22ECB1142A01443F00A74320 /* RestRadar.entitlements */ = {isa = PBXFileReference; lastKnownFileType = text.plist.entitlements; path = RestRadar.entitlements; sourceTree = "<group>"; };
		22F2520E29B57B990010223E /* RestRadar.app */ = {isa = PBXFileReference; explicitFileType = wrapper.application; includeInIndex = 0; path = RestRadar.app; sourceTree = BUILT_PRODUCTS_DIR; };
		22F2521129B57B990010223E /* RestRadarApp.swift */ = {isa = PBXFileReference; lastKnownFileType = sourcecode.swift; path = RestRadarApp.swift; sourceTree = "<group>"; };
		22F2521329B57B990010223E /* HomeView.swift */ = {isa = PBXFileReference; lastKnownFileType = sourcecode.swift; path = HomeView.swift; sourceTree = "<group>"; };
		22F2521529B57B990010223E /* Assets.xcassets */ = {isa = PBXFileReference; lastKnownFileType = folder.assetcatalog; path = Assets.xcassets; sourceTree = "<group>"; };
		22F2521829B57B990010223E /* Preview Assets.xcassets */ = {isa = PBXFileReference; lastKnownFileType = folder.assetcatalog; path = "Preview Assets.xcassets"; sourceTree = "<group>"; };
/* End PBXFileReference section */

/* Begin PBXFrameworksBuildPhase section */
		2242ABF329E843E300AFD64F /* Frameworks */ = {
			isa = PBXFrameworksBuildPhase;
			buildActionMask = 2147483647;
			files = (
				2242AC2529EB44D200AFD64F /* Shiny in Frameworks */,
				2242AC1429E8495D00AFD64F /* Solar in Frameworks */,
				2242ABFB29E843E300AFD64F /* SwiftUI.framework in Frameworks */,
				2242ABF929E843E300AFD64F /* WidgetKit.framework in Frameworks */,
			);
			runOnlyForDeploymentPostprocessing = 0;
		};
		22F2520B29B57B990010223E /* Frameworks */ = {
			isa = PBXFrameworksBuildPhase;
			buildActionMask = 2147483647;
			files = (
				2242AC2329EB448600AFD64F /* Shiny in Frameworks */,
				2242ABED29E78E8300AFD64F /* ComposableArchitecture in Frameworks */,
				2242742E29E60E2D00F2C196 /* Solar in Frameworks */,
			);
			runOnlyForDeploymentPostprocessing = 0;
		};
/* End PBXFrameworksBuildPhase section */

/* Begin PBXGroup section */
		2242ABF729E843E300AFD64F /* Frameworks */ = {
			isa = PBXGroup;
			children = (
				2242ABF829E843E300AFD64F /* WidgetKit.framework */,
				2242ABFA29E843E300AFD64F /* SwiftUI.framework */,
			);
			name = Frameworks;
			sourceTree = "<group>";
		};
		2242ABFC29E843E300AFD64F /* ClosestBathroomWidget */ = {
			isa = PBXGroup;
			children = (
				2242ABFF29E843E300AFD64F /* ClosestBathroomWidget.swift */,
				2242AC0129E843E400AFD64F /* Assets.xcassets */,
				2242AC0329E843E400AFD64F /* Info.plist */,
			);
			path = ClosestBathroomWidget;
			sourceTree = "<group>";
		};
		2242AC2E29FC807800AFD64F /* Views */ = {
			isa = PBXGroup;
			children = (
				2242AC2829F775C700AFD64F /* BathroomSummaryView.swift */,
				22DE02EB29C8084F00C21D67 /* BathroomView.swift */,
				2242ABEE29E7C5F600AFD64F /* CalendarChooser.swift */,
				22108B3E29D24203004EB964 /* CircleLabel.swift */,
				2242AC2629EB8E4900AFD64F /* CompactStatsView.swift */,
				2224C66329D1D18400222FD4 /* CompassView.swift */,
				22D43DD529D47B730085CA4C /* DirectionsView.swift */,
				2242AC1C29EA52CF00AFD64F /* FilteringView.swift */,
				22F2521329B57B990010223E /* HomeView.swift */,
				222AD8B729E27DF500A18E76 /* LocationSearchView.swift */,
				2224C65529CFC10600222FD4 /* MapView.swift */,
				222AD8B329E2362700A18E76 /* SettingsView.swift */,
			);
			path = Views;
			sourceTree = "<group>";
		};
		2242AC2F29FC808600AFD64F /* Models */ = {
			isa = PBXGroup;
			children = (
				2224C65729CFC2E400222FD4 /* Annotation.swift */,
				2242AC2B29FA0AB300AFD64F /* AppIcon.swift */,
				22C9436629C64A0100E41651 /* Bathroom.swift */,
			);
			path = Models;
			sourceTree = "<group>";
		};
		2242AC3029FC80A300AFD64F /* Attendants */ = {
			isa = PBXGroup;
			children = (
				22C9436829C64EB100E41651 /* BathroomAttendant.swift */,
				22C9436A29C7937700E41651 /* LocationAttendant.swift */,
				222AD8B529E2392000A18E76 /* SettingsAttendant.swift */,
				2242ABF029E7C5FF00AFD64F /* EventsRepository.swift */,
			);
			path = Attendants;
			sourceTree = "<group>";
		};
		22F2520529B57B990010223E = {
			isa = PBXGroup;
			children = (
				2242AC0729E843E500AFD64F /* ClosestBathroomWidgetExtension.entitlements */,
				22D43DD829DA57280085CA4C /* lepoint2.gpx */,
				22D43DD729DA544E0085CA4C /* lepoint.gpx */,
				22F2521029B57B990010223E /* RestRadar */,
				2242ABFC29E843E300AFD64F /* ClosestBathroomWidget */,
				2242ABF729E843E300AFD64F /* Frameworks */,
				22F2520F29B57B990010223E /* Products */,
			);
			sourceTree = "<group>";
		};
		22F2520F29B57B990010223E /* Products */ = {
			isa = PBXGroup;
			children = (
				22F2520E29B57B990010223E /* RestRadar.app */,
				2242ABF629E843E300AFD64F /* ClosestBathroomWidgetExtension.appex */,
			);
			name = Products;
			sourceTree = "<group>";
		};
		22F2521029B57B990010223E /* RestRadar */ = {
			isa = PBXGroup;
			children = (
				22ECB1142A01443F00A74320 /* RestRadar.entitlements */,
				2242742F29E66B0600F2C196 /* Info.plist */,
				22F2521129B57B990010223E /* RestRadarApp.swift */,
				2242AC2F29FC808600AFD64F /* Models */,
				2242AC2E29FC807800AFD64F /* Views */,
				2242AC3029FC80A300AFD64F /* Attendants */,
				2224C65B29CFCB4B00222FD4 /* Extensions.swift */,
				2242742A29E5A8ED00F2C196 /* Gradients.swift */,
				221CCF782A04A7B800B0E171 /* BathroomList.swift */,
				22F2521529B57B990010223E /* Assets.xcassets */,
				22F2521729B57B990010223E /* Preview Content */,
			);
			path = RestRadar;
			sourceTree = "<group>";
		};
		22F2521729B57B990010223E /* Preview Content */ = {
			isa = PBXGroup;
			children = (
				22F2521829B57B990010223E /* Preview Assets.xcassets */,
			);
			path = "Preview Content";
			sourceTree = "<group>";
		};
/* End PBXGroup section */

/* Begin PBXNativeTarget section */
		2242ABF529E843E300AFD64F /* ClosestBathroomWidgetExtension */ = {
			isa = PBXNativeTarget;
			buildConfigurationList = 2242AC0829E843E500AFD64F /* Build configuration list for PBXNativeTarget "ClosestBathroomWidgetExtension" */;
			buildPhases = (
				2242ABF229E843E300AFD64F /* Sources */,
				2242ABF329E843E300AFD64F /* Frameworks */,
				2242ABF429E843E300AFD64F /* Resources */,
			);
			buildRules = (
			);
			dependencies = (
			);
			name = ClosestBathroomWidgetExtension;
			packageProductDependencies = (
				2242AC1329E8495D00AFD64F /* Solar */,
				2242AC2429EB44D200AFD64F /* Shiny */,
			);
			productName = ClosestBathroomWidgetExtension;
			productReference = 2242ABF629E843E300AFD64F /* ClosestBathroomWidgetExtension.appex */;
			productType = "com.apple.product-type.app-extension";
		};
		22F2520D29B57B990010223E /* RestRadar */ = {
			isa = PBXNativeTarget;
			buildConfigurationList = 22F2521C29B57B990010223E /* Build configuration list for PBXNativeTarget "RestRadar" */;
			buildPhases = (
				22F2520A29B57B990010223E /* Sources */,
				22F2520B29B57B990010223E /* Frameworks */,
				22F2520C29B57B990010223E /* Resources */,
				2242AC0B29E843E500AFD64F /* Embed Foundation Extensions */,
			);
			buildRules = (
			);
			dependencies = (
				2242AC0529E843E400AFD64F /* PBXTargetDependency */,
			);
			name = RestRadar;
			packageProductDependencies = (
				2242742D29E60E2D00F2C196 /* Solar */,
				2242ABEC29E78E8300AFD64F /* ComposableArchitecture */,
				2242AC2229EB448600AFD64F /* Shiny */,
			);
			productName = G2G;
			productReference = 22F2520E29B57B990010223E /* RestRadar.app */;
			productType = "com.apple.product-type.application";
		};
/* End PBXNativeTarget section */

/* Begin PBXProject section */
		22F2520629B57B990010223E /* Project object */ = {
			isa = PBXProject;
			attributes = {
				BuildIndependentTargetsInParallel = 1;
				LastSwiftUpdateCheck = 1420;
				LastUpgradeCheck = 1400;
				TargetAttributes = {
					2242ABF529E843E300AFD64F = {
						CreatedOnToolsVersion = 14.2;
					};
					22F2520D29B57B990010223E = {
						CreatedOnToolsVersion = 14.0;
					};
				};
			};
			buildConfigurationList = 22F2520929B57B990010223E /* Build configuration list for PBXProject "RestRadar" */;
			compatibilityVersion = "Xcode 14.0";
			developmentRegion = en;
			hasScannedForEncodings = 0;
			knownRegions = (
				en,
				Base,
			);
			mainGroup = 22F2520529B57B990010223E;
			packageReferences = (
				2242742C29E60E2D00F2C196 /* XCRemoteSwiftPackageReference "Solar" */,
				2242ABEB29E78E8300AFD64F /* XCRemoteSwiftPackageReference "swift-composable-architecture" */,
				2242AC2129EB448600AFD64F /* XCRemoteSwiftPackageReference "shiny" */,
			);
			productRefGroup = 22F2520F29B57B990010223E /* Products */;
			projectDirPath = "";
			projectRoot = "";
			targets = (
				22F2520D29B57B990010223E /* RestRadar */,
				2242ABF529E843E300AFD64F /* ClosestBathroomWidgetExtension */,
			);
		};
/* End PBXProject section */

/* Begin PBXResourcesBuildPhase section */
		2242ABF429E843E300AFD64F /* Resources */ = {
			isa = PBXResourcesBuildPhase;
			buildActionMask = 2147483647;
			files = (
				2242AC0229E843E400AFD64F /* Assets.xcassets in Resources */,
			);
			runOnlyForDeploymentPostprocessing = 0;
		};
		22F2520C29B57B990010223E /* Resources */ = {
			isa = PBXResourcesBuildPhase;
			buildActionMask = 2147483647;
			files = (
				22F2521929B57B990010223E /* Preview Assets.xcassets in Resources */,
				22F2521629B57B990010223E /* Assets.xcassets in Resources */,
			);
			runOnlyForDeploymentPostprocessing = 0;
		};
/* End PBXResourcesBuildPhase section */

/* Begin PBXSourcesBuildPhase section */
		2242ABF229E843E300AFD64F /* Sources */ = {
			isa = PBXSourcesBuildPhase;
			buildActionMask = 2147483647;
			files = (
				2242AC1229E8483A00AFD64F /* Extensions.swift in Sources */,
				2242AC0F29E8481900AFD64F /* LocationSearchView.swift in Sources */,
				2242AC0C29E8455A00AFD64F /* BathroomAttendant.swift in Sources */,
				2242AC1729E85BFF00AFD64F /* MapView.swift in Sources */,
				2242AC1129E8483000AFD64F /* Gradients.swift in Sources */,
				2242AC0D29E8456500AFD64F /* LocationAttendant.swift in Sources */,
				2242AC1829E9072000AFD64F /* SettingsAttendant.swift in Sources */,
				22D691B72A055BCA00291E83 /* BathroomList.swift in Sources */,
				2242AC0E29E8463F00AFD64F /* Bathroom.swift in Sources */,
				2242AC1029E8482800AFD64F /* Annotation.swift in Sources */,
				2242AC1629E85BE500AFD64F /* CompassView.swift in Sources */,
				2242AC1529E85BE300AFD64F /* CircleLabel.swift in Sources */,
				2242AC0029E843E300AFD64F /* ClosestBathroomWidget.swift in Sources */,
				2242AC2A29F9E5DB00AFD64F /* BathroomSummaryView.swift in Sources */,
			);
			runOnlyForDeploymentPostprocessing = 0;
		};
		22F2520A29B57B990010223E /* Sources */ = {
			isa = PBXSourcesBuildPhase;
			buildActionMask = 2147483647;
			files = (
				2224C65629CFC10600222FD4 /* MapView.swift in Sources */,
				2242AC2C29FA0AB300AFD64F /* AppIcon.swift in Sources */,
				22D43DD629D47B730085CA4C /* DirectionsView.swift in Sources */,
				22DE02EC29C8084F00C21D67 /* BathroomView.swift in Sources */,
				22C9436B29C7937700E41651 /* LocationAttendant.swift in Sources */,
				2224C66429D1D18400222FD4 /* CompassView.swift in Sources */,
				222AD8B829E27DF500A18E76 /* LocationSearchView.swift in Sources */,
				22C9436729C64A0100E41651 /* Bathroom.swift in Sources */,
				222AD8B629E2392000A18E76 /* SettingsAttendant.swift in Sources */,
				2242ABEF29E7C5F600AFD64F /* CalendarChooser.swift in Sources */,
				2242AC2729EB8E4900AFD64F /* CompactStatsView.swift in Sources */,
				2242AC2929F775C700AFD64F /* BathroomSummaryView.swift in Sources */,
				2242ABF129E7C5FF00AFD64F /* EventsRepository.swift in Sources */,
				2224C65C29CFCB4B00222FD4 /* Extensions.swift in Sources */,
				222AD8B429E2362700A18E76 /* SettingsView.swift in Sources */,
				2242742B29E5A8ED00F2C196 /* Gradients.swift in Sources */,
				22C9436929C64EB100E41651 /* BathroomAttendant.swift in Sources */,
				22F2521429B57B990010223E /* HomeView.swift in Sources */,
				225BDBB22A171FD500FB0DA5 /* BathroomList.swift in Sources */,
				2224C65829CFC2E400222FD4 /* Annotation.swift in Sources */,
				22108B3F29D24203004EB964 /* CircleLabel.swift in Sources */,
				22F2521229B57B990010223E /* RestRadarApp.swift in Sources */,
				2242AC1D29EA52CF00AFD64F /* FilteringView.swift in Sources */,
			);
			runOnlyForDeploymentPostprocessing = 0;
		};
/* End PBXSourcesBuildPhase section */

/* Begin PBXTargetDependency section */
		2242AC0529E843E400AFD64F /* PBXTargetDependency */ = {
			isa = PBXTargetDependency;
			target = 2242ABF529E843E300AFD64F /* ClosestBathroomWidgetExtension */;
			targetProxy = 2242AC0429E843E400AFD64F /* PBXContainerItemProxy */;
		};
/* End PBXTargetDependency section */

/* Begin XCBuildConfiguration section */
		2242AC0929E843E500AFD64F /* Debug */ = {
			isa = XCBuildConfiguration;
			buildSettings = {
				ASSETCATALOG_COMPILER_GLOBAL_ACCENT_COLOR_NAME = AccentColor;
				ASSETCATALOG_COMPILER_WIDGET_BACKGROUND_COLOR_NAME = WidgetBackground;
				CODE_SIGN_ENTITLEMENTS = ClosestBathroomWidgetExtension.entitlements;
				CODE_SIGN_STYLE = Automatic;
				CURRENT_PROJECT_VERSION = 1;
				DEVELOPMENT_TEAM = 2RHGHNZ58B;
				GENERATE_INFOPLIST_FILE = YES;
				INFOPLIST_FILE = ClosestBathroomWidget/Info.plist;
				INFOPLIST_KEY_CFBundleDisplayName = ClosestBathroomWidget;
				INFOPLIST_KEY_NSHumanReadableCopyright = "";
				INFOPLIST_KEY_NSLocationWhenInUseUsageDescription = "FInd nearby bathrooms.";
				IPHONEOS_DEPLOYMENT_TARGET = 16.2;
				LD_RUNPATH_SEARCH_PATHS = (
					"$(inherited)",
					"@executable_path/Frameworks",
					"@executable_path/../../Frameworks",
				);
				MARKETING_VERSION = 1.0;
				PRODUCT_BUNDLE_IDENTIFIER = com.paool.bathroom.ClosestBathroomWidget;
				PRODUCT_NAME = "$(TARGET_NAME)";
				SKIP_INSTALL = YES;
				SUPPORTS_MACCATALYST = YES;
				SWIFT_EMIT_LOC_STRINGS = YES;
				SWIFT_VERSION = 5.0;
				TARGETED_DEVICE_FAMILY = "1,2";
			};
			name = Debug;
		};
		2242AC0A29E843E500AFD64F /* Release */ = {
			isa = XCBuildConfiguration;
			buildSettings = {
				ASSETCATALOG_COMPILER_GLOBAL_ACCENT_COLOR_NAME = AccentColor;
				ASSETCATALOG_COMPILER_WIDGET_BACKGROUND_COLOR_NAME = WidgetBackground;
				CODE_SIGN_ENTITLEMENTS = ClosestBathroomWidgetExtension.entitlements;
				CODE_SIGN_STYLE = Automatic;
				CURRENT_PROJECT_VERSION = 1;
				DEVELOPMENT_TEAM = 2RHGHNZ58B;
				GENERATE_INFOPLIST_FILE = YES;
				INFOPLIST_FILE = ClosestBathroomWidget/Info.plist;
				INFOPLIST_KEY_CFBundleDisplayName = ClosestBathroomWidget;
				INFOPLIST_KEY_NSHumanReadableCopyright = "";
				INFOPLIST_KEY_NSLocationWhenInUseUsageDescription = "FInd nearby bathrooms.";
				IPHONEOS_DEPLOYMENT_TARGET = 16.2;
				LD_RUNPATH_SEARCH_PATHS = (
					"$(inherited)",
					"@executable_path/Frameworks",
					"@executable_path/../../Frameworks",
				);
				MARKETING_VERSION = 1.0;
				PRODUCT_BUNDLE_IDENTIFIER = com.paool.bathroom.ClosestBathroomWidget;
				PRODUCT_NAME = "$(TARGET_NAME)";
				SKIP_INSTALL = YES;
				SUPPORTS_MACCATALYST = YES;
				SWIFT_EMIT_LOC_STRINGS = YES;
				SWIFT_VERSION = 5.0;
				TARGETED_DEVICE_FAMILY = "1,2";
			};
			name = Release;
		};
		22F2521A29B57B990010223E /* Debug */ = {
			isa = XCBuildConfiguration;
			buildSettings = {
				ALWAYS_SEARCH_USER_PATHS = NO;
				CLANG_ANALYZER_NONNULL = YES;
				CLANG_ANALYZER_NUMBER_OBJECT_CONVERSION = YES_AGGRESSIVE;
				CLANG_CXX_LANGUAGE_STANDARD = "gnu++20";
				CLANG_ENABLE_MODULES = YES;
				CLANG_ENABLE_OBJC_ARC = YES;
				CLANG_ENABLE_OBJC_WEAK = YES;
				CLANG_WARN_BLOCK_CAPTURE_AUTORELEASING = YES;
				CLANG_WARN_BOOL_CONVERSION = YES;
				CLANG_WARN_COMMA = YES;
				CLANG_WARN_CONSTANT_CONVERSION = YES;
				CLANG_WARN_DEPRECATED_OBJC_IMPLEMENTATIONS = YES;
				CLANG_WARN_DIRECT_OBJC_ISA_USAGE = YES_ERROR;
				CLANG_WARN_DOCUMENTATION_COMMENTS = YES;
				CLANG_WARN_EMPTY_BODY = YES;
				CLANG_WARN_ENUM_CONVERSION = YES;
				CLANG_WARN_INFINITE_RECURSION = YES;
				CLANG_WARN_INT_CONVERSION = YES;
				CLANG_WARN_NON_LITERAL_NULL_CONVERSION = YES;
				CLANG_WARN_OBJC_IMPLICIT_RETAIN_SELF = YES;
				CLANG_WARN_OBJC_LITERAL_CONVERSION = YES;
				CLANG_WARN_OBJC_ROOT_CLASS = YES_ERROR;
				CLANG_WARN_QUOTED_INCLUDE_IN_FRAMEWORK_HEADER = YES;
				CLANG_WARN_RANGE_LOOP_ANALYSIS = YES;
				CLANG_WARN_STRICT_PROTOTYPES = YES;
				CLANG_WARN_SUSPICIOUS_MOVE = YES;
				CLANG_WARN_UNGUARDED_AVAILABILITY = YES_AGGRESSIVE;
				CLANG_WARN_UNREACHABLE_CODE = YES;
				CLANG_WARN__DUPLICATE_METHOD_MATCH = YES;
				COPY_PHASE_STRIP = NO;
				DEBUG_INFORMATION_FORMAT = dwarf;
				ENABLE_STRICT_OBJC_MSGSEND = YES;
				ENABLE_TESTABILITY = YES;
				GCC_C_LANGUAGE_STANDARD = gnu11;
				GCC_DYNAMIC_NO_PIC = NO;
				GCC_NO_COMMON_BLOCKS = YES;
				GCC_OPTIMIZATION_LEVEL = 0;
				GCC_PREPROCESSOR_DEFINITIONS = (
					"DEBUG=1",
					"$(inherited)",
				);
				GCC_WARN_64_TO_32_BIT_CONVERSION = YES;
				GCC_WARN_ABOUT_RETURN_TYPE = YES_ERROR;
				GCC_WARN_UNDECLARED_SELECTOR = YES;
				GCC_WARN_UNINITIALIZED_AUTOS = YES_AGGRESSIVE;
				GCC_WARN_UNUSED_FUNCTION = YES;
				GCC_WARN_UNUSED_VARIABLE = YES;
				IPHONEOS_DEPLOYMENT_TARGET = 16.0;
				MTL_ENABLE_DEBUG_INFO = INCLUDE_SOURCE;
				MTL_FAST_MATH = YES;
				ONLY_ACTIVE_ARCH = YES;
				SDKROOT = iphoneos;
				SWIFT_ACTIVE_COMPILATION_CONDITIONS = DEBUG;
				SWIFT_OPTIMIZATION_LEVEL = "-Onone";
			};
			name = Debug;
		};
		22F2521B29B57B990010223E /* Release */ = {
			isa = XCBuildConfiguration;
			buildSettings = {
				ALWAYS_SEARCH_USER_PATHS = NO;
				CLANG_ANALYZER_NONNULL = YES;
				CLANG_ANALYZER_NUMBER_OBJECT_CONVERSION = YES_AGGRESSIVE;
				CLANG_CXX_LANGUAGE_STANDARD = "gnu++20";
				CLANG_ENABLE_MODULES = YES;
				CLANG_ENABLE_OBJC_ARC = YES;
				CLANG_ENABLE_OBJC_WEAK = YES;
				CLANG_WARN_BLOCK_CAPTURE_AUTORELEASING = YES;
				CLANG_WARN_BOOL_CONVERSION = YES;
				CLANG_WARN_COMMA = YES;
				CLANG_WARN_CONSTANT_CONVERSION = YES;
				CLANG_WARN_DEPRECATED_OBJC_IMPLEMENTATIONS = YES;
				CLANG_WARN_DIRECT_OBJC_ISA_USAGE = YES_ERROR;
				CLANG_WARN_DOCUMENTATION_COMMENTS = YES;
				CLANG_WARN_EMPTY_BODY = YES;
				CLANG_WARN_ENUM_CONVERSION = YES;
				CLANG_WARN_INFINITE_RECURSION = YES;
				CLANG_WARN_INT_CONVERSION = YES;
				CLANG_WARN_NON_LITERAL_NULL_CONVERSION = YES;
				CLANG_WARN_OBJC_IMPLICIT_RETAIN_SELF = YES;
				CLANG_WARN_OBJC_LITERAL_CONVERSION = YES;
				CLANG_WARN_OBJC_ROOT_CLASS = YES_ERROR;
				CLANG_WARN_QUOTED_INCLUDE_IN_FRAMEWORK_HEADER = YES;
				CLANG_WARN_RANGE_LOOP_ANALYSIS = YES;
				CLANG_WARN_STRICT_PROTOTYPES = YES;
				CLANG_WARN_SUSPICIOUS_MOVE = YES;
				CLANG_WARN_UNGUARDED_AVAILABILITY = YES_AGGRESSIVE;
				CLANG_WARN_UNREACHABLE_CODE = YES;
				CLANG_WARN__DUPLICATE_METHOD_MATCH = YES;
				COPY_PHASE_STRIP = NO;
				DEBUG_INFORMATION_FORMAT = "dwarf-with-dsym";
				ENABLE_NS_ASSERTIONS = NO;
				ENABLE_STRICT_OBJC_MSGSEND = YES;
				GCC_C_LANGUAGE_STANDARD = gnu11;
				GCC_NO_COMMON_BLOCKS = YES;
				GCC_WARN_64_TO_32_BIT_CONVERSION = YES;
				GCC_WARN_ABOUT_RETURN_TYPE = YES_ERROR;
				GCC_WARN_UNDECLARED_SELECTOR = YES;
				GCC_WARN_UNINITIALIZED_AUTOS = YES_AGGRESSIVE;
				GCC_WARN_UNUSED_FUNCTION = YES;
				GCC_WARN_UNUSED_VARIABLE = YES;
				IPHONEOS_DEPLOYMENT_TARGET = 16.0;
				MTL_ENABLE_DEBUG_INFO = NO;
				MTL_FAST_MATH = YES;
				SDKROOT = iphoneos;
				SWIFT_COMPILATION_MODE = wholemodule;
				SWIFT_OPTIMIZATION_LEVEL = "-O";
				VALIDATE_PRODUCT = YES;
			};
			name = Release;
		};
		22F2521D29B57B990010223E /* Debug */ = {
			isa = XCBuildConfiguration;
			buildSettings = {
				ALWAYS_EMBED_SWIFT_STANDARD_LIBRARIES = YES;
				ASSETCATALOG_COMPILER_ALTERNATE_APPICON_NAMES = "AppIcon-1 AppIcon-2 AppIcon-3 AppIcon-4 AppIcon-5 AppIcon-6 AppIcon-7 AppIcon-8 AppIcon-9 AppIcon-10 AppIcon-11 AppIcon-12 AppIcon-13 AppIcon-14 AppIcon-15 AppIcon-16 AppIcon-17 AppIcon-18";
				ASSETCATALOG_COMPILER_APPICON_NAME = AppIcon;
				ASSETCATALOG_COMPILER_GLOBAL_ACCENT_COLOR_NAME = AccentColor;
				CODE_SIGN_ENTITLEMENTS = RestRadar/RestRadar.entitlements;
				CODE_SIGN_STYLE = Automatic;
				CURRENT_PROJECT_VERSION = 1;
				DEVELOPMENT_ASSET_PATHS = "\"RestRadar/Preview Content\"";
				DEVELOPMENT_TEAM = 2RHGHNZ58B;
				ENABLE_PREVIEWS = YES;
				GENERATE_INFOPLIST_FILE = YES;
				INFOPLIST_FILE = RestRadar/Info.plist;
				INFOPLIST_KEY_CFBundleDisplayName = RestRadar;
				INFOPLIST_KEY_LSApplicationCategoryType = "public.app-category.utilities";
				INFOPLIST_KEY_NSCalendarsUsageDescription = "Calendar events are used to identify bathrooms near upcoming events.";
				INFOPLIST_KEY_NSContactsUsageDescription = "Contacts are only used for shared calendars to identify bathrooms near upcoming events.";
				INFOPLIST_KEY_NSHealthShareUsageDescription = "Walking Speed is used to better estimate how long it will take to reach a bathroom.";
				INFOPLIST_KEY_NSLocationWhenInUseUsageDescription = "RestRadar only uses your location to determine how far away bathrooms are from you. It will never be tracked or stored.";
				INFOPLIST_KEY_UIApplicationSceneManifest_Generation = YES;
				INFOPLIST_KEY_UIApplicationSupportsIndirectInputEvents = YES;
				INFOPLIST_KEY_UILaunchScreen_Generation = YES;
				INFOPLIST_KEY_UISupportedInterfaceOrientations = UIInterfaceOrientationPortrait;
				INFOPLIST_KEY_UISupportedInterfaceOrientations_iPad = "UIInterfaceOrientationLandscapeLeft UIInterfaceOrientationLandscapeRight UIInterfaceOrientationPortrait UIInterfaceOrientationPortraitUpsideDown";
				LD_RUNPATH_SEARCH_PATHS = (
					"$(inherited)",
					"@executable_path/Frameworks",
				);
				MARKETING_VERSION = 1.0;
				PRODUCT_BUNDLE_IDENTIFIER = com.paool.bathroom;
				PRODUCT_NAME = "$(TARGET_NAME)";
				SUPPORTED_PLATFORMS = "iphoneos iphonesimulator";
				SUPPORTS_MACCATALYST = YES;
				SUPPORTS_MAC_DESIGNED_FOR_IPHONE_IPAD = NO;
				SWIFT_EMIT_LOC_STRINGS = YES;
				SWIFT_VERSION = 5.0;
				TARGETED_DEVICE_FAMILY = "1,2";
			};
			name = Debug;
		};
		22F2521E29B57B990010223E /* Release */ = {
			isa = XCBuildConfiguration;
			buildSettings = {
				ALWAYS_EMBED_SWIFT_STANDARD_LIBRARIES = YES;
				ASSETCATALOG_COMPILER_ALTERNATE_APPICON_NAMES = "AppIcon-1 AppIcon-2 AppIcon-3 AppIcon-4 AppIcon-5 AppIcon-6 AppIcon-7 AppIcon-8 AppIcon-9 AppIcon-10 AppIcon-11 AppIcon-12 AppIcon-13 AppIcon-14 AppIcon-15 AppIcon-16 AppIcon-17 AppIcon-18";
				ASSETCATALOG_COMPILER_APPICON_NAME = AppIcon;
				ASSETCATALOG_COMPILER_GLOBAL_ACCENT_COLOR_NAME = AccentColor;
				CODE_SIGN_ENTITLEMENTS = RestRadar/RestRadar.entitlements;
				CODE_SIGN_STYLE = Automatic;
				CURRENT_PROJECT_VERSION = 1;
				DEVELOPMENT_ASSET_PATHS = "\"RestRadar/Preview Content\"";
				DEVELOPMENT_TEAM = 2RHGHNZ58B;
				ENABLE_PREVIEWS = YES;
				GENERATE_INFOPLIST_FILE = YES;
				INFOPLIST_FILE = RestRadar/Info.plist;
				INFOPLIST_KEY_CFBundleDisplayName = RestRadar;
				INFOPLIST_KEY_LSApplicationCategoryType = "public.app-category.utilities";
				INFOPLIST_KEY_NSCalendarsUsageDescription = "Calendar events are used to identify bathrooms near upcoming events.";
				INFOPLIST_KEY_NSContactsUsageDescription = "Contacts are only used for shared calendars to identify bathrooms near upcoming events.";
				INFOPLIST_KEY_NSHealthShareUsageDescription = "Walking Speed is used to better estimate how long it will take to reach a bathroom.";
				INFOPLIST_KEY_NSLocationWhenInUseUsageDescription = "RestRadar only uses your location to determine how far away bathrooms are from you. It will never be tracked or stored.";
				INFOPLIST_KEY_UIApplicationSceneManifest_Generation = YES;
				INFOPLIST_KEY_UIApplicationSupportsIndirectInputEvents = YES;
				INFOPLIST_KEY_UILaunchScreen_Generation = YES;
				INFOPLIST_KEY_UISupportedInterfaceOrientations = UIInterfaceOrientationPortrait;
				INFOPLIST_KEY_UISupportedInterfaceOrientations_iPad = "UIInterfaceOrientationLandscapeLeft UIInterfaceOrientationLandscapeRight UIInterfaceOrientationPortrait UIInterfaceOrientationPortraitUpsideDown";
				LD_RUNPATH_SEARCH_PATHS = (
					"$(inherited)",
					"@executable_path/Frameworks",
				);
				MARKETING_VERSION = 1.0;
				PRODUCT_BUNDLE_IDENTIFIER = com.paool.bathroom;
				PRODUCT_NAME = "$(TARGET_NAME)";
				SUPPORTED_PLATFORMS = "iphoneos iphonesimulator";
				SUPPORTS_MACCATALYST = YES;
				SUPPORTS_MAC_DESIGNED_FOR_IPHONE_IPAD = NO;
				SWIFT_EMIT_LOC_STRINGS = YES;
				SWIFT_VERSION = 5.0;
				TARGETED_DEVICE_FAMILY = "1,2";
			};
			name = Release;
		};
/* End XCBuildConfiguration section */

/* Begin XCConfigurationList section */
		2242AC0829E843E500AFD64F /* Build configuration list for PBXNativeTarget "ClosestBathroomWidgetExtension" */ = {
			isa = XCConfigurationList;
			buildConfigurations = (
				2242AC0929E843E500AFD64F /* Debug */,
				2242AC0A29E843E500AFD64F /* Release */,
			);
			defaultConfigurationIsVisible = 0;
			defaultConfigurationName = Release;
		};
		22F2520929B57B990010223E /* Build configuration list for PBXProject "RestRadar" */ = {
			isa = XCConfigurationList;
			buildConfigurations = (
				22F2521A29B57B990010223E /* Debug */,
				22F2521B29B57B990010223E /* Release */,
			);
			defaultConfigurationIsVisible = 0;
			defaultConfigurationName = Release;
		};
		22F2521C29B57B990010223E /* Build configuration list for PBXNativeTarget "RestRadar" */ = {
			isa = XCConfigurationList;
			buildConfigurations = (
				22F2521D29B57B990010223E /* Debug */,
				22F2521E29B57B990010223E /* Release */,
			);
			defaultConfigurationIsVisible = 0;
			defaultConfigurationName = Release;
		};
/* End XCConfigurationList section */

/* Begin XCRemoteSwiftPackageReference section */
		2242742C29E60E2D00F2C196 /* XCRemoteSwiftPackageReference "Solar" */ = {
			isa = XCRemoteSwiftPackageReference;
			repositoryURL = "https://github.com/ceeK/Solar.git";
			requirement = {
				kind = upToNextMajorVersion;
				minimumVersion = 3.0.0;
			};
		};
		2242ABEB29E78E8300AFD64F /* XCRemoteSwiftPackageReference "swift-composable-architecture" */ = {
			isa = XCRemoteSwiftPackageReference;
			repositoryURL = "https://github.com/pointfreeco/swift-composable-architecture";
			requirement = {
				kind = upToNextMajorVersion;
				minimumVersion = 0.9.0;
			};
		};
		2242AC2129EB448600AFD64F /* XCRemoteSwiftPackageReference "shiny" */ = {
			isa = XCRemoteSwiftPackageReference;
			repositoryURL = "https://github.com/maustinstar/shiny.git";
			requirement = {
				branch = master;
				kind = branch;
			};
		};
/* End XCRemoteSwiftPackageReference section */

/* Begin XCSwiftPackageProductDependency section */
		2242742D29E60E2D00F2C196 /* Solar */ = {
			isa = XCSwiftPackageProductDependency;
			package = 2242742C29E60E2D00F2C196 /* XCRemoteSwiftPackageReference "Solar" */;
			productName = Solar;
		};
		2242ABEC29E78E8300AFD64F /* ComposableArchitecture */ = {
			isa = XCSwiftPackageProductDependency;
			package = 2242ABEB29E78E8300AFD64F /* XCRemoteSwiftPackageReference "swift-composable-architecture" */;
			productName = ComposableArchitecture;
		};
		2242AC1329E8495D00AFD64F /* Solar */ = {
			isa = XCSwiftPackageProductDependency;
			package = 2242742C29E60E2D00F2C196 /* XCRemoteSwiftPackageReference "Solar" */;
			productName = Solar;
		};
		2242AC2229EB448600AFD64F /* Shiny */ = {
			isa = XCSwiftPackageProductDependency;
			package = 2242AC2129EB448600AFD64F /* XCRemoteSwiftPackageReference "shiny" */;
			productName = Shiny;
		};
		2242AC2429EB44D200AFD64F /* Shiny */ = {
			isa = XCSwiftPackageProductDependency;
			package = 2242AC2129EB448600AFD64F /* XCRemoteSwiftPackageReference "shiny" */;
			productName = Shiny;
		};
/* End XCSwiftPackageProductDependency section */
	};
	rootObject = 22F2520629B57B990010223E /* Project object */;
}
