// !$*UTF8*$!
{
	archiveVersion = 1;
	classes = {
	};
	objectVersion = 56;
	objects = {

/* Begin PBXBuildFile section */
		2207D0782A33CC5600948AEB /* DirectionsSummaryView.swift in Sources */ = {isa = PBXBuildFile; fileRef = 2207D0772A33CC5600948AEB /* DirectionsSummaryView.swift */; };
		2207D0792A33CC5600948AEB /* DirectionsSummaryView.swift in Sources */ = {isa = PBXBuildFile; fileRef = 2207D0772A33CC5600948AEB /* DirectionsSummaryView.swift */; };
		220D17BA2A3589F500DECB69 /* LookAroundView.swift in Sources */ = {isa = PBXBuildFile; fileRef = 220D17B92A3589F500DECB69 /* LookAroundView.swift */; };
		220D17BC2A36A77900DECB69 /* WalkingDistanceMapView.swift in Sources */ = {isa = PBXBuildFile; fileRef = 220D17BB2A36A77900DECB69 /* WalkingDistanceMapView.swift */; };
		22108B3F29D24203004EB964 /* CircleLabel.swift in Sources */ = {isa = PBXBuildFile; fileRef = 22108B3E29D24203004EB964 /* CircleLabel.swift */; };
		2224C65629CFC10600222FD4 /* MapView.swift in Sources */ = {isa = PBXBuildFile; fileRef = 2224C65529CFC10600222FD4 /* MapView.swift */; };
		2224C65829CFC2E400222FD4 /* Annotation.swift in Sources */ = {isa = PBXBuildFile; fileRef = 2224C65729CFC2E400222FD4 /* Annotation.swift */; };
		2224C66429D1D18400222FD4 /* CompassView.swift in Sources */ = {isa = PBXBuildFile; fileRef = 2224C66329D1D18400222FD4 /* CompassView.swift */; };
		222881A12A4535650098B788 /* Rational.swift in Sources */ = {isa = PBXBuildFile; fileRef = 222881A02A4535650098B788 /* Rational.swift */; };
		222881A22A4536200098B788 /* Rational.swift in Sources */ = {isa = PBXBuildFile; fileRef = 222881A02A4535650098B788 /* Rational.swift */; };
		222881A42A46046D0098B788 /* AppIcon.swift in Sources */ = {isa = PBXBuildFile; fileRef = 2242AC2B29FA0AB300AFD64F /* AppIcon.swift */; };
		222881A72A46071B0098B788 /* Karte in Frameworks */ = {isa = PBXBuildFile; productRef = 222881A62A46071B0098B788 /* Karte */; };
		222881A92A460D7C0098B788 /* Theme.swift in Sources */ = {isa = PBXBuildFile; fileRef = 222881A82A460D7C0098B788 /* Theme.swift */; };
		222881AB2A460D860098B788 /* TransportMode.swift in Sources */ = {isa = PBXBuildFile; fileRef = 222881AA2A460D860098B788 /* TransportMode.swift */; };
		222881AD2A460DA40098B788 /* DistanceUnit.swift in Sources */ = {isa = PBXBuildFile; fileRef = 222881AC2A460DA40098B788 /* DistanceUnit.swift */; };
		222881AE2A460DBD0098B788 /* DistanceUnit.swift in Sources */ = {isa = PBXBuildFile; fileRef = 222881AC2A460DA40098B788 /* DistanceUnit.swift */; };
		222881AF2A460DBD0098B788 /* TransportMode.swift in Sources */ = {isa = PBXBuildFile; fileRef = 222881AA2A460D860098B788 /* TransportMode.swift */; };
		222881B02A460DBD0098B788 /* Theme.swift in Sources */ = {isa = PBXBuildFile; fileRef = 222881A82A460D7C0098B788 /* Theme.swift */; };
		222881B22A460DCC0098B788 /* MapProvider.swift in Sources */ = {isa = PBXBuildFile; fileRef = 222881B12A460DCC0098B788 /* MapProvider.swift */; };
		222881B42A4613840098B788 /* Karte in Frameworks */ = {isa = PBXBuildFile; productRef = 222881B32A4613840098B788 /* Karte */; };
		222881B72A461D630098B788 /* TelemetryClient in Frameworks */ = {isa = PBXBuildFile; productRef = 222881B62A461D630098B788 /* TelemetryClient */; };
		222881B92A462ADE0098B788 /* TelemetryClient in Frameworks */ = {isa = PBXBuildFile; productRef = 222881B82A462ADE0098B788 /* TelemetryClient */; };
		222881BC2A4927590098B788 /* MKRouteStep+Extensions.swift in Sources */ = {isa = PBXBuildFile; fileRef = 222881BB2A4927590098B788 /* MKRouteStep+Extensions.swift */; };
		222881BE2A49277F0098B788 /* KarteApp+Extensions.swift in Sources */ = {isa = PBXBuildFile; fileRef = 222881BD2A49277F0098B788 /* KarteApp+Extensions.swift */; };
		222881C02A4927C50098B788 /* MKRouteStep+Extensions.swift in Sources */ = {isa = PBXBuildFile; fileRef = 222881BB2A4927590098B788 /* MKRouteStep+Extensions.swift */; };
		222881C22A49CDB00098B788 /* SKProduct+Extensions.swift in Sources */ = {isa = PBXBuildFile; fileRef = 222881C12A49CDB00098B788 /* SKProduct+Extensions.swift */; };
		222881C42A49CDF30098B788 /* Color+Extensions.swift in Sources */ = {isa = PBXBuildFile; fileRef = 222881C32A49CDF30098B788 /* Color+Extensions.swift */; };
		222881C52A49CE2E0098B788 /* Color+Extensions.swift in Sources */ = {isa = PBXBuildFile; fileRef = 222881C32A49CDF30098B788 /* Color+Extensions.swift */; };
		222881C72A49CF060098B788 /* View+Extensions.swift in Sources */ = {isa = PBXBuildFile; fileRef = 222881C62A49CF060098B788 /* View+Extensions.swift */; };
		222881C82A49CF190098B788 /* View+Extensions.swift in Sources */ = {isa = PBXBuildFile; fileRef = 222881C62A49CF060098B788 /* View+Extensions.swift */; };
		222881CA2A49CF260098B788 /* String+Extensions.swift in Sources */ = {isa = PBXBuildFile; fileRef = 222881C92A49CF260098B788 /* String+Extensions.swift */; };
		222881CC2A49CF950098B788 /* CLLocationCoordinate2D+Extensions.swift in Sources */ = {isa = PBXBuildFile; fileRef = 222881CB2A49CF950098B788 /* CLLocationCoordinate2D+Extensions.swift */; };
		222881CD2A49CFD00098B788 /* CLLocationCoordinate2D+Extensions.swift in Sources */ = {isa = PBXBuildFile; fileRef = 222881CB2A49CF950098B788 /* CLLocationCoordinate2D+Extensions.swift */; };
		222881CF2A49D0420098B788 /* UIScreen+Extensions.swift in Sources */ = {isa = PBXBuildFile; fileRef = 222881CE2A49D0420098B788 /* UIScreen+Extensions.swift */; };
		222881D22A49D0810098B788 /* CLLocationDistance+Extensions.swift in Sources */ = {isa = PBXBuildFile; fileRef = 222881D12A49D0810098B788 /* CLLocationDistance+Extensions.swift */; };
		222881D32A49D0850098B788 /* CLLocationDistance+Extensions.swift in Sources */ = {isa = PBXBuildFile; fileRef = 222881D12A49D0810098B788 /* CLLocationDistance+Extensions.swift */; };
		222881D52A49D0AD0098B788 /* CLLocationDirection+Extensions.swift in Sources */ = {isa = PBXBuildFile; fileRef = 222881D42A49D0AD0098B788 /* CLLocationDirection+Extensions.swift */; };
		222881D62A49D0B30098B788 /* CLLocationDirection+Extensions.swift in Sources */ = {isa = PBXBuildFile; fileRef = 222881D42A49D0AD0098B788 /* CLLocationDirection+Extensions.swift */; };
		222881D82A49D0DF0098B788 /* BinaryFloatingPoint+Extensions.swift in Sources */ = {isa = PBXBuildFile; fileRef = 222881D72A49D0DF0098B788 /* BinaryFloatingPoint+Extensions.swift */; };
		222881D92A49D0DF0098B788 /* BinaryFloatingPoint+Extensions.swift in Sources */ = {isa = PBXBuildFile; fileRef = 222881D72A49D0DF0098B788 /* BinaryFloatingPoint+Extensions.swift */; };
		222881DB2A49D10B0098B788 /* StepDirection.swift in Sources */ = {isa = PBXBuildFile; fileRef = 222881DA2A49D10B0098B788 /* StepDirection.swift */; };
		222881DC2A49D10B0098B788 /* StepDirection.swift in Sources */ = {isa = PBXBuildFile; fileRef = 222881DA2A49D10B0098B788 /* StepDirection.swift */; };
		222881DE2A49E1D70098B788 /* RatingView.swift in Sources */ = {isa = PBXBuildFile; fileRef = 222881DD2A49E1D70098B788 /* RatingView.swift */; };
		222AD8B429E2362700A18E76 /* SettingsView.swift in Sources */ = {isa = PBXBuildFile; fileRef = 222AD8B329E2362700A18E76 /* SettingsView.swift */; };
		222AD8B629E2392000A18E76 /* SettingsAttendant.swift in Sources */ = {isa = PBXBuildFile; fileRef = 222AD8B529E2392000A18E76 /* SettingsAttendant.swift */; };
		222AD8B829E27DF500A18E76 /* LocationSearchView.swift in Sources */ = {isa = PBXBuildFile; fileRef = 222AD8B729E27DF500A18E76 /* LocationSearchView.swift */; };
		2242742B29E5A8ED00F2C196 /* Gradient+Extensions.swift in Sources */ = {isa = PBXBuildFile; fileRef = 2242742A29E5A8ED00F2C196 /* Gradient+Extensions.swift */; };
		2242742E29E60E2D00F2C196 /* Solar in Frameworks */ = {isa = PBXBuildFile; productRef = 2242742D29E60E2D00F2C196 /* Solar */; };
		2242ABF929E843E300AFD64F /* WidgetKit.framework in Frameworks */ = {isa = PBXBuildFile; fileRef = 2242ABF829E843E300AFD64F /* WidgetKit.framework */; };
		2242ABFB29E843E300AFD64F /* SwiftUI.framework in Frameworks */ = {isa = PBXBuildFile; fileRef = 2242ABFA29E843E300AFD64F /* SwiftUI.framework */; };
		2242AC0029E843E300AFD64F /* ClosestBathroomWidget.swift in Sources */ = {isa = PBXBuildFile; fileRef = 2242ABFF29E843E300AFD64F /* ClosestBathroomWidget.swift */; };
		2242AC0229E843E400AFD64F /* Assets.xcassets in Resources */ = {isa = PBXBuildFile; fileRef = 2242AC0129E843E400AFD64F /* Assets.xcassets */; };
		2242AC0629E843E400AFD64F /* ClosestBathroomWidgetExtension.appex in Embed Foundation Extensions */ = {isa = PBXBuildFile; fileRef = 2242ABF629E843E300AFD64F /* ClosestBathroomWidgetExtension.appex */; settings = {ATTRIBUTES = (RemoveHeadersOnCopy, ); }; };
		2242AC0C29E8455A00AFD64F /* BathroomAttendant.swift in Sources */ = {isa = PBXBuildFile; fileRef = 22C9436829C64EB100E41651 /* BathroomAttendant.swift */; };
		2242AC0D29E8456500AFD64F /* LocationAttendant.swift in Sources */ = {isa = PBXBuildFile; fileRef = 22C9436A29C7937700E41651 /* LocationAttendant.swift */; };
		2242AC0E29E8463F00AFD64F /* Bathroom.swift in Sources */ = {isa = PBXBuildFile; fileRef = 22C9436629C64A0100E41651 /* Bathroom.swift */; };
		2242AC0F29E8481900AFD64F /* LocationSearchView.swift in Sources */ = {isa = PBXBuildFile; fileRef = 222AD8B729E27DF500A18E76 /* LocationSearchView.swift */; };
		2242AC1029E8482800AFD64F /* Annotation.swift in Sources */ = {isa = PBXBuildFile; fileRef = 2224C65729CFC2E400222FD4 /* Annotation.swift */; };
		2242AC1129E8483000AFD64F /* Gradient+Extensions.swift in Sources */ = {isa = PBXBuildFile; fileRef = 2242742A29E5A8ED00F2C196 /* Gradient+Extensions.swift */; };
		2242AC1429E8495D00AFD64F /* Solar in Frameworks */ = {isa = PBXBuildFile; productRef = 2242AC1329E8495D00AFD64F /* Solar */; };
		2242AC1529E85BE300AFD64F /* CircleLabel.swift in Sources */ = {isa = PBXBuildFile; fileRef = 22108B3E29D24203004EB964 /* CircleLabel.swift */; };
		2242AC1629E85BE500AFD64F /* CompassView.swift in Sources */ = {isa = PBXBuildFile; fileRef = 2224C66329D1D18400222FD4 /* CompassView.swift */; };
		2242AC1729E85BFF00AFD64F /* MapView.swift in Sources */ = {isa = PBXBuildFile; fileRef = 2224C65529CFC10600222FD4 /* MapView.swift */; };
		2242AC1829E9072000AFD64F /* SettingsAttendant.swift in Sources */ = {isa = PBXBuildFile; fileRef = 222AD8B529E2392000A18E76 /* SettingsAttendant.swift */; };
		2242AC1D29EA52CF00AFD64F /* FilteringView.swift in Sources */ = {isa = PBXBuildFile; fileRef = 2242AC1C29EA52CF00AFD64F /* FilteringView.swift */; };
		2242AC2329EB448600AFD64F /* Shiny in Frameworks */ = {isa = PBXBuildFile; productRef = 2242AC2229EB448600AFD64F /* Shiny */; };
		2242AC2529EB44D200AFD64F /* Shiny in Frameworks */ = {isa = PBXBuildFile; productRef = 2242AC2429EB44D200AFD64F /* Shiny */; };
		2242AC2929F775C700AFD64F /* BathroomSummaryView.swift in Sources */ = {isa = PBXBuildFile; fileRef = 2242AC2829F775C700AFD64F /* BathroomSummaryView.swift */; };
		2242AC2C29FA0AB300AFD64F /* AppIcon.swift in Sources */ = {isa = PBXBuildFile; fileRef = 2242AC2B29FA0AB300AFD64F /* AppIcon.swift */; };
		225BDBB22A171FD500FB0DA5 /* BathroomList.swift in Sources */ = {isa = PBXBuildFile; fileRef = 221CCF782A04A7B800B0E171 /* BathroomList.swift */; };
		225BDBB52A212C1D00FB0DA5 /* SwiftCSV in Frameworks */ = {isa = PBXBuildFile; productRef = 225BDBB42A212C1D00FB0DA5 /* SwiftCSV */; };
		225BDBB72A212F1600FB0DA5 /* SwiftCSV in Frameworks */ = {isa = PBXBuildFile; productRef = 225BDBB62A212F1600FB0DA5 /* SwiftCSV */; };
		225BDBC82A213DAE00FB0DA5 /* libraries.csv in Resources */ = {isa = PBXBuildFile; fileRef = 225BDBC72A213DAE00FB0DA5 /* libraries.csv */; };
		225BDBC92A213DAE00FB0DA5 /* libraries.csv in Resources */ = {isa = PBXBuildFile; fileRef = 225BDBC72A213DAE00FB0DA5 /* libraries.csv */; };
		225BDBCB2A215C6B00FB0DA5 /* targets.csv in Resources */ = {isa = PBXBuildFile; fileRef = 225BDBCA2A215C6B00FB0DA5 /* targets.csv */; };
		225BDBCC2A215C6B00FB0DA5 /* targets.csv in Resources */ = {isa = PBXBuildFile; fileRef = 225BDBCA2A215C6B00FB0DA5 /* targets.csv */; };
		228ED6D02A2D3EAD00F3D293 /* MailView.swift in Sources */ = {isa = PBXBuildFile; fileRef = 228ED6CF2A2D3EAD00F3D293 /* MailView.swift */; };
		22B4867B2A49ECA6001C2CA1 /* EntryCodeView.swift in Sources */ = {isa = PBXBuildFile; fileRef = 22B4867A2A49ECA6001C2CA1 /* EntryCodeView.swift */; };
		22B4867C2A49ED73001C2CA1 /* RatingView.swift in Sources */ = {isa = PBXBuildFile; fileRef = 222881DD2A49E1D70098B788 /* RatingView.swift */; };
		22B4867D2A49ED76001C2CA1 /* EntryCodeView.swift in Sources */ = {isa = PBXBuildFile; fileRef = 22B4867A2A49ECA6001C2CA1 /* EntryCodeView.swift */; };
		22C9436729C64A0100E41651 /* Bathroom.swift in Sources */ = {isa = PBXBuildFile; fileRef = 22C9436629C64A0100E41651 /* Bathroom.swift */; };
		22C9436929C64EB100E41651 /* BathroomAttendant.swift in Sources */ = {isa = PBXBuildFile; fileRef = 22C9436829C64EB100E41651 /* BathroomAttendant.swift */; };
		22C9436B29C7937700E41651 /* LocationAttendant.swift in Sources */ = {isa = PBXBuildFile; fileRef = 22C9436A29C7937700E41651 /* LocationAttendant.swift */; };
		22D43DD629D47B730085CA4C /* DirectionsView.swift in Sources */ = {isa = PBXBuildFile; fileRef = 22D43DD529D47B730085CA4C /* DirectionsView.swift */; };
		22D691B72A055BCA00291E83 /* BathroomList.swift in Sources */ = {isa = PBXBuildFile; fileRef = 221CCF782A04A7B800B0E171 /* BathroomList.swift */; };
		22DE02EC29C8084F00C21D67 /* BathroomView.swift in Sources */ = {isa = PBXBuildFile; fileRef = 22DE02EB29C8084F00C21D67 /* BathroomView.swift */; };
		22E690862A28205F00DBF2D9 /* StoreKit.framework in Frameworks */ = {isa = PBXBuildFile; fileRef = 22E690852A28205F00DBF2D9 /* StoreKit.framework */; };
		22E690892A28214300DBF2D9 /* RevenueCat in Frameworks */ = {isa = PBXBuildFile; productRef = 22E690882A28214300DBF2D9 /* RevenueCat */; };
		22E6908B2A28214F00DBF2D9 /* RevenueCat in Frameworks */ = {isa = PBXBuildFile; productRef = 22E6908A2A28214F00DBF2D9 /* RevenueCat */; };
		22F2521229B57B990010223E /* RestRadarApp.swift in Sources */ = {isa = PBXBuildFile; fileRef = 22F2521129B57B990010223E /* RestRadarApp.swift */; };
		22F2521429B57B990010223E /* HomeView.swift in Sources */ = {isa = PBXBuildFile; fileRef = 22F2521329B57B990010223E /* HomeView.swift */; };
		22F2521629B57B990010223E /* Assets.xcassets in Resources */ = {isa = PBXBuildFile; fileRef = 22F2521529B57B990010223E /* Assets.xcassets */; };
		22F2521929B57B990010223E /* Preview Assets.xcassets in Resources */ = {isa = PBXBuildFile; fileRef = 22F2521829B57B990010223E /* Preview Assets.xcassets */; };
/* End PBXBuildFile section */

/* Begin PBXContainerItemProxy section */
		2242AC0429E843E400AFD64F /* PBXContainerItemProxy */ = {
			isa = PBXContainerItemProxy;
			containerPortal = 22F2520629B57B990010223E /* Project object */;
			proxyType = 1;
			remoteGlobalIDString = 2242ABF529E843E300AFD64F;
			remoteInfo = ClosestBathroomWidgetExtension;
		};
/* End PBXContainerItemProxy section */

/* Begin PBXCopyFilesBuildPhase section */
		2242AC0B29E843E500AFD64F /* Embed Foundation Extensions */ = {
			isa = PBXCopyFilesBuildPhase;
			buildActionMask = 2147483647;
			dstPath = "";
			dstSubfolderSpec = 13;
			files = (
				2242AC0629E843E400AFD64F /* ClosestBathroomWidgetExtension.appex in Embed Foundation Extensions */,
			);
			name = "Embed Foundation Extensions";
			runOnlyForDeploymentPostprocessing = 0;
		};
/* End PBXCopyFilesBuildPhase section */

/* Begin PBXFileReference section */
		2207D0772A33CC5600948AEB /* DirectionsSummaryView.swift */ = {isa = PBXFileReference; lastKnownFileType = sourcecode.swift; path = DirectionsSummaryView.swift; sourceTree = "<group>"; };
		220D17B92A3589F500DECB69 /* LookAroundView.swift */ = {isa = PBXFileReference; fileEncoding = 4; lastKnownFileType = sourcecode.swift; path = LookAroundView.swift; sourceTree = "<group>"; };
		220D17BB2A36A77900DECB69 /* WalkingDistanceMapView.swift */ = {isa = PBXFileReference; lastKnownFileType = sourcecode.swift; path = WalkingDistanceMapView.swift; sourceTree = "<group>"; };
		22108B3E29D24203004EB964 /* CircleLabel.swift */ = {isa = PBXFileReference; lastKnownFileType = sourcecode.swift; path = CircleLabel.swift; sourceTree = "<group>"; };
		221CCF782A04A7B800B0E171 /* BathroomList.swift */ = {isa = PBXFileReference; lastKnownFileType = sourcecode.swift; path = BathroomList.swift; sourceTree = "<group>"; };
		2224C65529CFC10600222FD4 /* MapView.swift */ = {isa = PBXFileReference; lastKnownFileType = sourcecode.swift; path = MapView.swift; sourceTree = "<group>"; };
		2224C65729CFC2E400222FD4 /* Annotation.swift */ = {isa = PBXFileReference; lastKnownFileType = sourcecode.swift; path = Annotation.swift; sourceTree = "<group>"; };
		2224C66329D1D18400222FD4 /* CompassView.swift */ = {isa = PBXFileReference; lastKnownFileType = sourcecode.swift; path = CompassView.swift; sourceTree = "<group>"; };
		222881A02A4535650098B788 /* Rational.swift */ = {isa = PBXFileReference; lastKnownFileType = sourcecode.swift; path = Rational.swift; sourceTree = "<group>"; };
		222881A82A460D7C0098B788 /* Theme.swift */ = {isa = PBXFileReference; lastKnownFileType = sourcecode.swift; path = Theme.swift; sourceTree = "<group>"; };
		222881AA2A460D860098B788 /* TransportMode.swift */ = {isa = PBXFileReference; lastKnownFileType = sourcecode.swift; path = TransportMode.swift; sourceTree = "<group>"; };
		222881AC2A460DA40098B788 /* DistanceUnit.swift */ = {isa = PBXFileReference; lastKnownFileType = sourcecode.swift; path = DistanceUnit.swift; sourceTree = "<group>"; };
		222881B12A460DCC0098B788 /* MapProvider.swift */ = {isa = PBXFileReference; lastKnownFileType = sourcecode.swift; path = MapProvider.swift; sourceTree = "<group>"; };
		222881BB2A4927590098B788 /* MKRouteStep+Extensions.swift */ = {isa = PBXFileReference; lastKnownFileType = sourcecode.swift; path = "MKRouteStep+Extensions.swift"; sourceTree = "<group>"; };
		222881BD2A49277F0098B788 /* KarteApp+Extensions.swift */ = {isa = PBXFileReference; lastKnownFileType = sourcecode.swift; path = "KarteApp+Extensions.swift"; sourceTree = "<group>"; };
		222881C12A49CDB00098B788 /* SKProduct+Extensions.swift */ = {isa = PBXFileReference; lastKnownFileType = sourcecode.swift; path = "SKProduct+Extensions.swift"; sourceTree = "<group>"; };
		222881C32A49CDF30098B788 /* Color+Extensions.swift */ = {isa = PBXFileReference; lastKnownFileType = sourcecode.swift; path = "Color+Extensions.swift"; sourceTree = "<group>"; };
		222881C62A49CF060098B788 /* View+Extensions.swift */ = {isa = PBXFileReference; lastKnownFileType = sourcecode.swift; path = "View+Extensions.swift"; sourceTree = "<group>"; };
		222881C92A49CF260098B788 /* String+Extensions.swift */ = {isa = PBXFileReference; lastKnownFileType = sourcecode.swift; path = "String+Extensions.swift"; sourceTree = "<group>"; };
		222881CB2A49CF950098B788 /* CLLocationCoordinate2D+Extensions.swift */ = {isa = PBXFileReference; lastKnownFileType = sourcecode.swift; path = "CLLocationCoordinate2D+Extensions.swift"; sourceTree = "<group>"; };
		222881CE2A49D0420098B788 /* UIScreen+Extensions.swift */ = {isa = PBXFileReference; lastKnownFileType = sourcecode.swift; path = "UIScreen+Extensions.swift"; sourceTree = "<group>"; };
		222881D12A49D0810098B788 /* CLLocationDistance+Extensions.swift */ = {isa = PBXFileReference; lastKnownFileType = sourcecode.swift; path = "CLLocationDistance+Extensions.swift"; sourceTree = "<group>"; };
		222881D42A49D0AD0098B788 /* CLLocationDirection+Extensions.swift */ = {isa = PBXFileReference; lastKnownFileType = sourcecode.swift; path = "CLLocationDirection+Extensions.swift"; sourceTree = "<group>"; };
		222881D72A49D0DF0098B788 /* BinaryFloatingPoint+Extensions.swift */ = {isa = PBXFileReference; lastKnownFileType = sourcecode.swift; path = "BinaryFloatingPoint+Extensions.swift"; sourceTree = "<group>"; };
		222881DA2A49D10B0098B788 /* StepDirection.swift */ = {isa = PBXFileReference; lastKnownFileType = sourcecode.swift; path = StepDirection.swift; sourceTree = "<group>"; };
		222881DD2A49E1D70098B788 /* RatingView.swift */ = {isa = PBXFileReference; lastKnownFileType = sourcecode.swift; path = RatingView.swift; sourceTree = "<group>"; };
		222AD8B329E2362700A18E76 /* SettingsView.swift */ = {isa = PBXFileReference; lastKnownFileType = sourcecode.swift; path = SettingsView.swift; sourceTree = "<group>"; };
		222AD8B529E2392000A18E76 /* SettingsAttendant.swift */ = {isa = PBXFileReference; lastKnownFileType = sourcecode.swift; path = SettingsAttendant.swift; sourceTree = "<group>"; };
		222AD8B729E27DF500A18E76 /* LocationSearchView.swift */ = {isa = PBXFileReference; lastKnownFileType = sourcecode.swift; path = LocationSearchView.swift; sourceTree = "<group>"; };
		2242742A29E5A8ED00F2C196 /* Gradient+Extensions.swift */ = {isa = PBXFileReference; lastKnownFileType = sourcecode.swift; path = "Gradient+Extensions.swift"; sourceTree = "<group>"; };
		2242742F29E66B0600F2C196 /* Info.plist */ = {isa = PBXFileReference; lastKnownFileType = text.plist; path = Info.plist; sourceTree = "<group>"; };
		2242ABF629E843E300AFD64F /* ClosestBathroomWidgetExtension.appex */ = {isa = PBXFileReference; explicitFileType = "wrapper.app-extension"; includeInIndex = 0; path = ClosestBathroomWidgetExtension.appex; sourceTree = BUILT_PRODUCTS_DIR; };
		2242ABF829E843E300AFD64F /* WidgetKit.framework */ = {isa = PBXFileReference; lastKnownFileType = wrapper.framework; name = WidgetKit.framework; path = System/Library/Frameworks/WidgetKit.framework; sourceTree = SDKROOT; };
		2242ABFA29E843E300AFD64F /* SwiftUI.framework */ = {isa = PBXFileReference; lastKnownFileType = wrapper.framework; name = SwiftUI.framework; path = System/Library/Frameworks/SwiftUI.framework; sourceTree = SDKROOT; };
		2242ABFF29E843E300AFD64F /* ClosestBathroomWidget.swift */ = {isa = PBXFileReference; lastKnownFileType = sourcecode.swift; path = ClosestBathroomWidget.swift; sourceTree = "<group>"; };
		2242AC0129E843E400AFD64F /* Assets.xcassets */ = {isa = PBXFileReference; lastKnownFileType = folder.assetcatalog; path = Assets.xcassets; sourceTree = "<group>"; };
		2242AC0329E843E400AFD64F /* Info.plist */ = {isa = PBXFileReference; lastKnownFileType = text.plist.xml; path = Info.plist; sourceTree = "<group>"; };
		2242AC0729E843E500AFD64F /* ClosestBathroomWidgetExtension.entitlements */ = {isa = PBXFileReference; lastKnownFileType = text.plist.entitlements; path = ClosestBathroomWidgetExtension.entitlements; sourceTree = "<group>"; };
		2242AC1C29EA52CF00AFD64F /* FilteringView.swift */ = {isa = PBXFileReference; lastKnownFileType = sourcecode.swift; path = FilteringView.swift; sourceTree = "<group>"; };
		2242AC2829F775C700AFD64F /* BathroomSummaryView.swift */ = {isa = PBXFileReference; lastKnownFileType = sourcecode.swift; path = BathroomSummaryView.swift; sourceTree = "<group>"; };
		2242AC2B29FA0AB300AFD64F /* AppIcon.swift */ = {isa = PBXFileReference; lastKnownFileType = sourcecode.swift; path = AppIcon.swift; sourceTree = "<group>"; };
		225BDBC72A213DAE00FB0DA5 /* libraries.csv */ = {isa = PBXFileReference; fileEncoding = 4; lastKnownFileType = text; path = libraries.csv; sourceTree = "<group>"; };
		225BDBCA2A215C6B00FB0DA5 /* targets.csv */ = {isa = PBXFileReference; fileEncoding = 4; lastKnownFileType = text; path = targets.csv; sourceTree = "<group>"; };
		228ED6CF2A2D3EAD00F3D293 /* MailView.swift */ = {isa = PBXFileReference; lastKnownFileType = sourcecode.swift; path = MailView.swift; sourceTree = "<group>"; };
		22B4867A2A49ECA6001C2CA1 /* EntryCodeView.swift */ = {isa = PBXFileReference; lastKnownFileType = sourcecode.swift; path = EntryCodeView.swift; sourceTree = "<group>"; };
		22C9436629C64A0100E41651 /* Bathroom.swift */ = {isa = PBXFileReference; lastKnownFileType = sourcecode.swift; path = Bathroom.swift; sourceTree = "<group>"; };
		22C9436829C64EB100E41651 /* BathroomAttendant.swift */ = {isa = PBXFileReference; lastKnownFileType = sourcecode.swift; path = BathroomAttendant.swift; sourceTree = "<group>"; };
		22C9436A29C7937700E41651 /* LocationAttendant.swift */ = {isa = PBXFileReference; lastKnownFileType = sourcecode.swift; path = LocationAttendant.swift; sourceTree = "<group>"; };
		22D43DD529D47B730085CA4C /* DirectionsView.swift */ = {isa = PBXFileReference; lastKnownFileType = sourcecode.swift; path = DirectionsView.swift; sourceTree = "<group>"; };
		22D43DD729DA544E0085CA4C /* lepoint.gpx */ = {isa = PBXFileReference; lastKnownFileType = text.xml; path = lepoint.gpx; sourceTree = "<group>"; };
		22D43DD829DA57280085CA4C /* lepoint2.gpx */ = {isa = PBXFileReference; lastKnownFileType = text.xml; path = lepoint2.gpx; sourceTree = "<group>"; };
		22DE02EB29C8084F00C21D67 /* BathroomView.swift */ = {isa = PBXFileReference; lastKnownFileType = sourcecode.swift; path = BathroomView.swift; sourceTree = "<group>"; };
		22E690852A28205F00DBF2D9 /* StoreKit.framework */ = {isa = PBXFileReference; lastKnownFileType = wrapper.framework; name = StoreKit.framework; path = System/Library/Frameworks/StoreKit.framework; sourceTree = SDKROOT; };
		22ECB1142A01443F00A74320 /* RestRadar.entitlements */ = {isa = PBXFileReference; lastKnownFileType = text.plist.entitlements; path = RestRadar.entitlements; sourceTree = "<group>"; };
		22F2520E29B57B990010223E /* RestRadar.app */ = {isa = PBXFileReference; explicitFileType = wrapper.application; includeInIndex = 0; path = RestRadar.app; sourceTree = BUILT_PRODUCTS_DIR; };
		22F2521129B57B990010223E /* RestRadarApp.swift */ = {isa = PBXFileReference; lastKnownFileType = sourcecode.swift; path = RestRadarApp.swift; sourceTree = "<group>"; };
		22F2521329B57B990010223E /* HomeView.swift */ = {isa = PBXFileReference; lastKnownFileType = sourcecode.swift; path = HomeView.swift; sourceTree = "<group>"; };
		22F2521529B57B990010223E /* Assets.xcassets */ = {isa = PBXFileReference; lastKnownFileType = folder.assetcatalog; path = Assets.xcassets; sourceTree = "<group>"; };
		22F2521829B57B990010223E /* Preview Assets.xcassets */ = {isa = PBXFileReference; lastKnownFileType = folder.assetcatalog; path = "Preview Assets.xcassets"; sourceTree = "<group>"; };
/* End PBXFileReference section */

/* Begin PBXFrameworksBuildPhase section */
		2242ABF329E843E300AFD64F /* Frameworks */ = {
			isa = PBXFrameworksBuildPhase;
			buildActionMask = 2147483647;
			files = (
				225BDBB72A212F1600FB0DA5 /* SwiftCSV in Frameworks */,
				222881B92A462ADE0098B788 /* TelemetryClient in Frameworks */,
				2242AC2529EB44D200AFD64F /* Shiny in Frameworks */,
				222881B42A4613840098B788 /* Karte in Frameworks */,
				22E6908B2A28214F00DBF2D9 /* RevenueCat in Frameworks */,
				2242AC1429E8495D00AFD64F /* Solar in Frameworks */,
				2242ABFB29E843E300AFD64F /* SwiftUI.framework in Frameworks */,
				2242ABF929E843E300AFD64F /* WidgetKit.framework in Frameworks */,
			);
			runOnlyForDeploymentPostprocessing = 0;
		};
		22F2520B29B57B990010223E /* Frameworks */ = {
			isa = PBXFrameworksBuildPhase;
			buildActionMask = 2147483647;
			files = (
				222881A72A46071B0098B788 /* Karte in Frameworks */,
				2242AC2329EB448600AFD64F /* Shiny in Frameworks */,
				225BDBB52A212C1D00FB0DA5 /* SwiftCSV in Frameworks */,
				22E690892A28214300DBF2D9 /* RevenueCat in Frameworks */,
				22E690862A28205F00DBF2D9 /* StoreKit.framework in Frameworks */,
				222881B72A461D630098B788 /* TelemetryClient in Frameworks */,
				2242742E29E60E2D00F2C196 /* Solar in Frameworks */,
			);
			runOnlyForDeploymentPostprocessing = 0;
		};
/* End PBXFrameworksBuildPhase section */

/* Begin PBXGroup section */
		222881BA2A4927460098B788 /* Extensions */ = {
			isa = PBXGroup;
			children = (
				222881D72A49D0DF0098B788 /* BinaryFloatingPoint+Extensions.swift */,
				222881C32A49CDF30098B788 /* Color+Extensions.swift */,
				222881CB2A49CF950098B788 /* CLLocationCoordinate2D+Extensions.swift */,
				222881D42A49D0AD0098B788 /* CLLocationDirection+Extensions.swift */,
				222881D12A49D0810098B788 /* CLLocationDistance+Extensions.swift */,
				2242742A29E5A8ED00F2C196 /* Gradient+Extensions.swift */,
				222881BD2A49277F0098B788 /* KarteApp+Extensions.swift */,
				222881BB2A4927590098B788 /* MKRouteStep+Extensions.swift */,
				222881C12A49CDB00098B788 /* SKProduct+Extensions.swift */,
				222881C92A49CF260098B788 /* String+Extensions.swift */,
				222881CE2A49D0420098B788 /* UIScreen+Extensions.swift */,
				222881C62A49CF060098B788 /* View+Extensions.swift */,
			);
			path = Extensions;
			sourceTree = "<group>";
		};
		2242ABF729E843E300AFD64F /* Frameworks */ = {
			isa = PBXGroup;
			children = (
				22E690852A28205F00DBF2D9 /* StoreKit.framework */,
				2242ABF829E843E300AFD64F /* WidgetKit.framework */,
				2242ABFA29E843E300AFD64F /* SwiftUI.framework */,
			);
			name = Frameworks;
			sourceTree = "<group>";
		};
		2242ABFC29E843E300AFD64F /* ClosestBathroomWidget */ = {
			isa = PBXGroup;
			children = (
				2242ABFF29E843E300AFD64F /* ClosestBathroomWidget.swift */,
				2242AC0129E843E400AFD64F /* Assets.xcassets */,
				2242AC0329E843E400AFD64F /* Info.plist */,
			);
			path = ClosestBathroomWidget;
			sourceTree = "<group>";
		};
		2242AC2E29FC807800AFD64F /* Views */ = {
			isa = PBXGroup;
			children = (
				22DE02EB29C8084F00C21D67 /* BathroomView.swift */,
				2242AC2829F775C700AFD64F /* BathroomSummaryView.swift */,
				22108B3E29D24203004EB964 /* CircleLabel.swift */,
				2224C66329D1D18400222FD4 /* CompassView.swift */,
				22D43DD529D47B730085CA4C /* DirectionsView.swift */,
				2207D0772A33CC5600948AEB /* DirectionsSummaryView.swift */,
				2242AC1C29EA52CF00AFD64F /* FilteringView.swift */,
				22F2521329B57B990010223E /* HomeView.swift */,
				222AD8B729E27DF500A18E76 /* LocationSearchView.swift */,
				2224C65529CFC10600222FD4 /* MapView.swift */,
				220D17BB2A36A77900DECB69 /* WalkingDistanceMapView.swift */,
				220D17B92A3589F500DECB69 /* LookAroundView.swift */,
				222AD8B329E2362700A18E76 /* SettingsView.swift */,
				228ED6CF2A2D3EAD00F3D293 /* MailView.swift */,
				222881DD2A49E1D70098B788 /* RatingView.swift */,
				22B4867A2A49ECA6001C2CA1 /* EntryCodeView.swift */,
			);
			path = Views;
			sourceTree = "<group>";
		};
		2242AC2F29FC808600AFD64F /* Models */ = {
			isa = PBXGroup;
			children = (
				2224C65729CFC2E400222FD4 /* Annotation.swift */,
				2242AC2B29FA0AB300AFD64F /* AppIcon.swift */,
				22C9436629C64A0100E41651 /* Bathroom.swift */,
				222881A02A4535650098B788 /* Rational.swift */,
				222881A82A460D7C0098B788 /* Theme.swift */,
				222881AA2A460D860098B788 /* TransportMode.swift */,
				222881AC2A460DA40098B788 /* DistanceUnit.swift */,
				222881B12A460DCC0098B788 /* MapProvider.swift */,
				222881DA2A49D10B0098B788 /* StepDirection.swift */,
			);
			path = Models;
			sourceTree = "<group>";
		};
		2242AC3029FC80A300AFD64F /* Attendants */ = {
			isa = PBXGroup;
			children = (
				22C9436829C64EB100E41651 /* BathroomAttendant.swift */,
				22C9436A29C7937700E41651 /* LocationAttendant.swift */,
				222AD8B529E2392000A18E76 /* SettingsAttendant.swift */,
			);
			path = Attendants;
			sourceTree = "<group>";
		};
		22F2520529B57B990010223E = {
			isa = PBXGroup;
			children = (
				2242AC0729E843E500AFD64F /* ClosestBathroomWidgetExtension.entitlements */,
				22D43DD829DA57280085CA4C /* lepoint2.gpx */,
				22D43DD729DA544E0085CA4C /* lepoint.gpx */,
				22F2521029B57B990010223E /* RestRadar */,
				2242ABFC29E843E300AFD64F /* ClosestBathroomWidget */,
				2242ABF729E843E300AFD64F /* Frameworks */,
				22F2520F29B57B990010223E /* Products */,
			);
			sourceTree = "<group>";
		};
		22F2520F29B57B990010223E /* Products */ = {
			isa = PBXGroup;
			children = (
				22F2520E29B57B990010223E /* RestRadar.app */,
				2242ABF629E843E300AFD64F /* ClosestBathroomWidgetExtension.appex */,
			);
			name = Products;
			sourceTree = "<group>";
		};
		22F2521029B57B990010223E /* RestRadar */ = {
			isa = PBXGroup;
			children = (
				22ECB1142A01443F00A74320 /* RestRadar.entitlements */,
				2242742F29E66B0600F2C196 /* Info.plist */,
				22F2521129B57B990010223E /* RestRadarApp.swift */,
				2242AC3029FC80A300AFD64F /* Attendants */,
				222881BA2A4927460098B788 /* Extensions */,
				2242AC2F29FC808600AFD64F /* Models */,
				2242AC2E29FC807800AFD64F /* Views */,
				221CCF782A04A7B800B0E171 /* BathroomList.swift */,
				225BDBC72A213DAE00FB0DA5 /* libraries.csv */,
				225BDBCA2A215C6B00FB0DA5 /* targets.csv */,
				22F2521529B57B990010223E /* Assets.xcassets */,
				22F2521729B57B990010223E /* Preview Content */,
			);
			path = RestRadar;
			sourceTree = "<group>";
		};
		22F2521729B57B990010223E /* Preview Content */ = {
			isa = PBXGroup;
			children = (
				22F2521829B57B990010223E /* Preview Assets.xcassets */,
			);
			path = "Preview Content";
			sourceTree = "<group>";
		};
/* End PBXGroup section */

/* Begin PBXNativeTarget section */
		2242ABF529E843E300AFD64F /* ClosestBathroomWidgetExtension */ = {
			isa = PBXNativeTarget;
			buildConfigurationList = 2242AC0829E843E500AFD64F /* Build configuration list for PBXNativeTarget "ClosestBathroomWidgetExtension" */;
			buildPhases = (
				2242ABF229E843E300AFD64F /* Sources */,
				2242ABF329E843E300AFD64F /* Frameworks */,
				2242ABF429E843E300AFD64F /* Resources */,
			);
			buildRules = (
			);
			dependencies = (
			);
			name = ClosestBathroomWidgetExtension;
			packageProductDependencies = (
				2242AC1329E8495D00AFD64F /* Solar */,
				2242AC2429EB44D200AFD64F /* Shiny */,
				225BDBB62A212F1600FB0DA5 /* SwiftCSV */,
				22E6908A2A28214F00DBF2D9 /* RevenueCat */,
				222881B32A4613840098B788 /* Karte */,
				222881B82A462ADE0098B788 /* TelemetryClient */,
			);
			productName = ClosestBathroomWidgetExtension;
			productReference = 2242ABF629E843E300AFD64F /* ClosestBathroomWidgetExtension.appex */;
			productType = "com.apple.product-type.app-extension";
		};
		22F2520D29B57B990010223E /* RestRadar */ = {
			isa = PBXNativeTarget;
			buildConfigurationList = 22F2521C29B57B990010223E /* Build configuration list for PBXNativeTarget "RestRadar" */;
			buildPhases = (
				22F2520A29B57B990010223E /* Sources */,
				22F2520B29B57B990010223E /* Frameworks */,
				22F2520C29B57B990010223E /* Resources */,
				2242AC0B29E843E500AFD64F /* Embed Foundation Extensions */,
			);
			buildRules = (
			);
			dependencies = (
				2242AC0529E843E400AFD64F /* PBXTargetDependency */,
			);
			name = RestRadar;
			packageProductDependencies = (
				2242742D29E60E2D00F2C196 /* Solar */,
				2242AC2229EB448600AFD64F /* Shiny */,
				225BDBB42A212C1D00FB0DA5 /* SwiftCSV */,
				22E690882A28214300DBF2D9 /* RevenueCat */,
				222881A62A46071B0098B788 /* Karte */,
				222881B62A461D630098B788 /* TelemetryClient */,
			);
			productName = G2G;
			productReference = 22F2520E29B57B990010223E /* RestRadar.app */;
			productType = "com.apple.product-type.application";
		};
/* End PBXNativeTarget section */

/* Begin PBXProject section */
		22F2520629B57B990010223E /* Project object */ = {
			isa = PBXProject;
			attributes = {
				BuildIndependentTargetsInParallel = 1;
				LastSwiftUpdateCheck = 1420;
				LastUpgradeCheck = 1400;
				TargetAttributes = {
					2242ABF529E843E300AFD64F = {
						CreatedOnToolsVersion = 14.2;
					};
					22F2520D29B57B990010223E = {
						CreatedOnToolsVersion = 14.0;
					};
				};
			};
			buildConfigurationList = 22F2520929B57B990010223E /* Build configuration list for PBXProject "RestRadar" */;
			compatibilityVersion = "Xcode 14.0";
			developmentRegion = en;
			hasScannedForEncodings = 0;
			knownRegions = (
				en,
				Base,
			);
			mainGroup = 22F2520529B57B990010223E;
			packageReferences = (
				2242742C29E60E2D00F2C196 /* XCRemoteSwiftPackageReference "Solar" */,
				2242AC2129EB448600AFD64F /* XCRemoteSwiftPackageReference "shiny" */,
				225BDBB32A212C1D00FB0DA5 /* XCRemoteSwiftPackageReference "SwiftCSV" */,
				22E690872A28214300DBF2D9 /* XCRemoteSwiftPackageReference "purchases-ios" */,
				222881A52A46071B0098B788 /* XCRemoteSwiftPackageReference "Karte" */,
				222881B52A461D630098B788 /* XCRemoteSwiftPackageReference "SwiftClient" */,
			);
			productRefGroup = 22F2520F29B57B990010223E /* Products */;
			projectDirPath = "";
			projectRoot = "";
			targets = (
				22F2520D29B57B990010223E /* RestRadar */,
				2242ABF529E843E300AFD64F /* ClosestBathroomWidgetExtension */,
			);
		};
/* End PBXProject section */

/* Begin PBXResourcesBuildPhase section */
		2242ABF429E843E300AFD64F /* Resources */ = {
			isa = PBXResourcesBuildPhase;
			buildActionMask = 2147483647;
			files = (
				225BDBC92A213DAE00FB0DA5 /* libraries.csv in Resources */,
				2242AC0229E843E400AFD64F /* Assets.xcassets in Resources */,
				225BDBCC2A215C6B00FB0DA5 /* targets.csv in Resources */,
			);
			runOnlyForDeploymentPostprocessing = 0;
		};
		22F2520C29B57B990010223E /* Resources */ = {
			isa = PBXResourcesBuildPhase;
			buildActionMask = 2147483647;
			files = (
				225BDBC82A213DAE00FB0DA5 /* libraries.csv in Resources */,
				225BDBCB2A215C6B00FB0DA5 /* targets.csv in Resources */,
				22F2521929B57B990010223E /* Preview Assets.xcassets in Resources */,
				22F2521629B57B990010223E /* Assets.xcassets in Resources */,
			);
			runOnlyForDeploymentPostprocessing = 0;
		};
/* End PBXResourcesBuildPhase section */

/* Begin PBXSourcesBuildPhase section */
		2242ABF229E843E300AFD64F /* Sources */ = {
			isa = PBXSourcesBuildPhase;
			buildActionMask = 2147483647;
			files = (
				222881CD2A49CFD00098B788 /* CLLocationCoordinate2D+Extensions.swift in Sources */,
				2242AC0F29E8481900AFD64F /* LocationSearchView.swift in Sources */,
				22B4867D2A49ED76001C2CA1 /* EntryCodeView.swift in Sources */,
				222881C82A49CF190098B788 /* View+Extensions.swift in Sources */,
				22B4867C2A49ED73001C2CA1 /* RatingView.swift in Sources */,
				222881DC2A49D10B0098B788 /* StepDirection.swift in Sources */,
				222881AF2A460DBD0098B788 /* TransportMode.swift in Sources */,
				222881A42A46046D0098B788 /* AppIcon.swift in Sources */,
				2242AC0C29E8455A00AFD64F /* BathroomAttendant.swift in Sources */,
				222881A22A4536200098B788 /* Rational.swift in Sources */,
				2242AC1729E85BFF00AFD64F /* MapView.swift in Sources */,
				2242AC1129E8483000AFD64F /* Gradient+Extensions.swift in Sources */,
				2242AC0D29E8456500AFD64F /* LocationAttendant.swift in Sources */,
				2242AC1829E9072000AFD64F /* SettingsAttendant.swift in Sources */,
				222881D62A49D0B30098B788 /* CLLocationDirection+Extensions.swift in Sources */,
				222881D32A49D0850098B788 /* CLLocationDistance+Extensions.swift in Sources */,
				22D691B72A055BCA00291E83 /* BathroomList.swift in Sources */,
				222881C52A49CE2E0098B788 /* Color+Extensions.swift in Sources */,
				2242AC0E29E8463F00AFD64F /* Bathroom.swift in Sources */,
				2242AC1029E8482800AFD64F /* Annotation.swift in Sources */,
				222881B02A460DBD0098B788 /* Theme.swift in Sources */,
				222881D92A49D0DF0098B788 /* BinaryFloatingPoint+Extensions.swift in Sources */,
				2207D0792A33CC5600948AEB /* DirectionsSummaryView.swift in Sources */,
				2242AC1629E85BE500AFD64F /* CompassView.swift in Sources */,
				222881AE2A460DBD0098B788 /* DistanceUnit.swift in Sources */,
				222881C02A4927C50098B788 /* MKRouteStep+Extensions.swift in Sources */,
				2242AC1529E85BE300AFD64F /* CircleLabel.swift in Sources */,
				2242AC0029E843E300AFD64F /* ClosestBathroomWidget.swift in Sources */,
			);
			runOnlyForDeploymentPostprocessing = 0;
		};
		22F2520A29B57B990010223E /* Sources */ = {
			isa = PBXSourcesBuildPhase;
			buildActionMask = 2147483647;
			files = (
				222881A92A460D7C0098B788 /* Theme.swift in Sources */,
				2224C65629CFC10600222FD4 /* MapView.swift in Sources */,
				2242AC2C29FA0AB300AFD64F /* AppIcon.swift in Sources */,
				222881C72A49CF060098B788 /* View+Extensions.swift in Sources */,
				222881CA2A49CF260098B788 /* String+Extensions.swift in Sources */,
				22D43DD629D47B730085CA4C /* DirectionsView.swift in Sources */,
				222881CC2A49CF950098B788 /* CLLocationCoordinate2D+Extensions.swift in Sources */,
				22DE02EC29C8084F00C21D67 /* BathroomView.swift in Sources */,
				22C9436B29C7937700E41651 /* LocationAttendant.swift in Sources */,
				222881A12A4535650098B788 /* Rational.swift in Sources */,
				222881BE2A49277F0098B788 /* KarteApp+Extensions.swift in Sources */,
				2224C66429D1D18400222FD4 /* CompassView.swift in Sources */,
				222AD8B829E27DF500A18E76 /* LocationSearchView.swift in Sources */,
				222881DB2A49D10B0098B788 /* StepDirection.swift in Sources */,
				228ED6D02A2D3EAD00F3D293 /* MailView.swift in Sources */,
				220D17BA2A3589F500DECB69 /* LookAroundView.swift in Sources */,
				22C9436729C64A0100E41651 /* Bathroom.swift in Sources */,
				222881C42A49CDF30098B788 /* Color+Extensions.swift in Sources */,
				220D17BC2A36A77900DECB69 /* WalkingDistanceMapView.swift in Sources */,
				222AD8B629E2392000A18E76 /* SettingsAttendant.swift in Sources */,
				222881B22A460DCC0098B788 /* MapProvider.swift in Sources */,
				222881D22A49D0810098B788 /* CLLocationDistance+Extensions.swift in Sources */,
				2242AC2929F775C700AFD64F /* BathroomSummaryView.swift in Sources */,
				222AD8B429E2362700A18E76 /* SettingsView.swift in Sources */,
				2242742B29E5A8ED00F2C196 /* Gradient+Extensions.swift in Sources */,
				22C9436929C64EB100E41651 /* BathroomAttendant.swift in Sources */,
				222881DE2A49E1D70098B788 /* RatingView.swift in Sources */,
				222881D52A49D0AD0098B788 /* CLLocationDirection+Extensions.swift in Sources */,
				22F2521429B57B990010223E /* HomeView.swift in Sources */,
				222881D82A49D0DF0098B788 /* BinaryFloatingPoint+Extensions.swift in Sources */,
				22B4867B2A49ECA6001C2CA1 /* EntryCodeView.swift in Sources */,
				222881C22A49CDB00098B788 /* SKProduct+Extensions.swift in Sources */,
				225BDBB22A171FD500FB0DA5 /* BathroomList.swift in Sources */,
				2224C65829CFC2E400222FD4 /* Annotation.swift in Sources */,
				22108B3F29D24203004EB964 /* CircleLabel.swift in Sources */,
				222881AD2A460DA40098B788 /* DistanceUnit.swift in Sources */,
				222881AB2A460D860098B788 /* TransportMode.swift in Sources */,
				222881CF2A49D0420098B788 /* UIScreen+Extensions.swift in Sources */,
				222881BC2A4927590098B788 /* MKRouteStep+Extensions.swift in Sources */,
				22F2521229B57B990010223E /* RestRadarApp.swift in Sources */,
				2242AC1D29EA52CF00AFD64F /* FilteringView.swift in Sources */,
				2207D0782A33CC5600948AEB /* DirectionsSummaryView.swift in Sources */,
			);
			runOnlyForDeploymentPostprocessing = 0;
		};
/* End PBXSourcesBuildPhase section */

/* Begin PBXTargetDependency section */
		2242AC0529E843E400AFD64F /* PBXTargetDependency */ = {
			isa = PBXTargetDependency;
			target = 2242ABF529E843E300AFD64F /* ClosestBathroomWidgetExtension */;
			targetProxy = 2242AC0429E843E400AFD64F /* PBXContainerItemProxy */;
		};
/* End PBXTargetDependency section */

/* Begin XCBuildConfiguration section */
		2242AC0929E843E500AFD64F /* Debug */ = {
			isa = XCBuildConfiguration;
			buildSettings = {
				ASSETCATALOG_COMPILER_GLOBAL_ACCENT_COLOR_NAME = AccentColor;
				ASSETCATALOG_COMPILER_WIDGET_BACKGROUND_COLOR_NAME = WidgetBackground;
				CODE_SIGN_ENTITLEMENTS = ClosestBathroomWidgetExtension.entitlements;
				CODE_SIGN_STYLE = Automatic;
				CURRENT_PROJECT_VERSION = 1;
				DEVELOPMENT_TEAM = 2RHGHNZ58B;
				GENERATE_INFOPLIST_FILE = YES;
				INFOPLIST_FILE = ClosestBathroomWidget/Info.plist;
				INFOPLIST_KEY_CFBundleDisplayName = ClosestBathroomWidget;
				INFOPLIST_KEY_NSHumanReadableCopyright = "";
				INFOPLIST_KEY_NSLocationWhenInUseUsageDescription = "FInd nearby bathrooms.";
				IPHONEOS_DEPLOYMENT_TARGET = 16.2;
				LD_RUNPATH_SEARCH_PATHS = (
					"$(inherited)",
					"@executable_path/Frameworks",
					"@executable_path/../../Frameworks",
				);
				MARKETING_VERSION = 1.0;
				PRODUCT_BUNDLE_IDENTIFIER = com.paool.bathroom.ClosestBathroomWidget;
				PRODUCT_NAME = "$(TARGET_NAME)";
				SKIP_INSTALL = YES;
				SUPPORTS_MACCATALYST = YES;
				SWIFT_EMIT_LOC_STRINGS = YES;
				SWIFT_VERSION = 5.0;
				TARGETED_DEVICE_FAMILY = "1,2";
			};
			name = Debug;
		};
		2242AC0A29E843E500AFD64F /* Release */ = {
			isa = XCBuildConfiguration;
			buildSettings = {
				ASSETCATALOG_COMPILER_GLOBAL_ACCENT_COLOR_NAME = AccentColor;
				ASSETCATALOG_COMPILER_WIDGET_BACKGROUND_COLOR_NAME = WidgetBackground;
				CODE_SIGN_ENTITLEMENTS = ClosestBathroomWidgetExtension.entitlements;
				CODE_SIGN_STYLE = Automatic;
				CURRENT_PROJECT_VERSION = 1;
				DEVELOPMENT_TEAM = 2RHGHNZ58B;
				GENERATE_INFOPLIST_FILE = YES;
				INFOPLIST_FILE = ClosestBathroomWidget/Info.plist;
				INFOPLIST_KEY_CFBundleDisplayName = ClosestBathroomWidget;
				INFOPLIST_KEY_NSHumanReadableCopyright = "";
				INFOPLIST_KEY_NSLocationWhenInUseUsageDescription = "FInd nearby bathrooms.";
				IPHONEOS_DEPLOYMENT_TARGET = 16.2;
				LD_RUNPATH_SEARCH_PATHS = (
					"$(inherited)",
					"@executable_path/Frameworks",
					"@executable_path/../../Frameworks",
				);
				MARKETING_VERSION = 1.0;
				PRODUCT_BUNDLE_IDENTIFIER = com.paool.bathroom.ClosestBathroomWidget;
				PRODUCT_NAME = "$(TARGET_NAME)";
				SKIP_INSTALL = YES;
				SUPPORTS_MACCATALYST = YES;
				SWIFT_EMIT_LOC_STRINGS = YES;
				SWIFT_VERSION = 5.0;
				TARGETED_DEVICE_FAMILY = "1,2";
			};
			name = Release;
		};
		22F2521A29B57B990010223E /* Debug */ = {
			isa = XCBuildConfiguration;
			buildSettings = {
				ALWAYS_SEARCH_USER_PATHS = NO;
				CLANG_ANALYZER_NONNULL = YES;
				CLANG_ANALYZER_NUMBER_OBJECT_CONVERSION = YES_AGGRESSIVE;
				CLANG_CXX_LANGUAGE_STANDARD = "gnu++20";
				CLANG_ENABLE_MODULES = YES;
				CLANG_ENABLE_OBJC_ARC = YES;
				CLANG_ENABLE_OBJC_WEAK = YES;
				CLANG_WARN_BLOCK_CAPTURE_AUTORELEASING = YES;
				CLANG_WARN_BOOL_CONVERSION = YES;
				CLANG_WARN_COMMA = YES;
				CLANG_WARN_CONSTANT_CONVERSION = YES;
				CLANG_WARN_DEPRECATED_OBJC_IMPLEMENTATIONS = YES;
				CLANG_WARN_DIRECT_OBJC_ISA_USAGE = YES_ERROR;
				CLANG_WARN_DOCUMENTATION_COMMENTS = YES;
				CLANG_WARN_EMPTY_BODY = YES;
				CLANG_WARN_ENUM_CONVERSION = YES;
				CLANG_WARN_INFINITE_RECURSION = YES;
				CLANG_WARN_INT_CONVERSION = YES;
				CLANG_WARN_NON_LITERAL_NULL_CONVERSION = YES;
				CLANG_WARN_OBJC_IMPLICIT_RETAIN_SELF = YES;
				CLANG_WARN_OBJC_LITERAL_CONVERSION = YES;
				CLANG_WARN_OBJC_ROOT_CLASS = YES_ERROR;
				CLANG_WARN_QUOTED_INCLUDE_IN_FRAMEWORK_HEADER = YES;
				CLANG_WARN_RANGE_LOOP_ANALYSIS = YES;
				CLANG_WARN_STRICT_PROTOTYPES = YES;
				CLANG_WARN_SUSPICIOUS_MOVE = YES;
				CLANG_WARN_UNGUARDED_AVAILABILITY = YES_AGGRESSIVE;
				CLANG_WARN_UNREACHABLE_CODE = YES;
				CLANG_WARN__DUPLICATE_METHOD_MATCH = YES;
				COPY_PHASE_STRIP = NO;
				DEBUG_INFORMATION_FORMAT = dwarf;
				ENABLE_STRICT_OBJC_MSGSEND = YES;
				ENABLE_TESTABILITY = YES;
				GCC_C_LANGUAGE_STANDARD = gnu11;
				GCC_DYNAMIC_NO_PIC = NO;
				GCC_NO_COMMON_BLOCKS = YES;
				GCC_OPTIMIZATION_LEVEL = 0;
				GCC_PREPROCESSOR_DEFINITIONS = (
					"DEBUG=1",
					"$(inherited)",
				);
				GCC_WARN_64_TO_32_BIT_CONVERSION = YES;
				GCC_WARN_ABOUT_RETURN_TYPE = YES_ERROR;
				GCC_WARN_UNDECLARED_SELECTOR = YES;
				GCC_WARN_UNINITIALIZED_AUTOS = YES_AGGRESSIVE;
				GCC_WARN_UNUSED_FUNCTION = YES;
				GCC_WARN_UNUSED_VARIABLE = YES;
				IPHONEOS_DEPLOYMENT_TARGET = 16.0;
				MTL_ENABLE_DEBUG_INFO = INCLUDE_SOURCE;
				MTL_FAST_MATH = YES;
				ONLY_ACTIVE_ARCH = YES;
				SDKROOT = iphoneos;
				SWIFT_ACTIVE_COMPILATION_CONDITIONS = DEBUG;
				SWIFT_OPTIMIZATION_LEVEL = "-Onone";
			};
			name = Debug;
		};
		22F2521B29B57B990010223E /* Release */ = {
			isa = XCBuildConfiguration;
			buildSettings = {
				ALWAYS_SEARCH_USER_PATHS = NO;
				CLANG_ANALYZER_NONNULL = YES;
				CLANG_ANALYZER_NUMBER_OBJECT_CONVERSION = YES_AGGRESSIVE;
				CLANG_CXX_LANGUAGE_STANDARD = "gnu++20";
				CLANG_ENABLE_MODULES = YES;
				CLANG_ENABLE_OBJC_ARC = YES;
				CLANG_ENABLE_OBJC_WEAK = YES;
				CLANG_WARN_BLOCK_CAPTURE_AUTORELEASING = YES;
				CLANG_WARN_BOOL_CONVERSION = YES;
				CLANG_WARN_COMMA = YES;
				CLANG_WARN_CONSTANT_CONVERSION = YES;
				CLANG_WARN_DEPRECATED_OBJC_IMPLEMENTATIONS = YES;
				CLANG_WARN_DIRECT_OBJC_ISA_USAGE = YES_ERROR;
				CLANG_WARN_DOCUMENTATION_COMMENTS = YES;
				CLANG_WARN_EMPTY_BODY = YES;
				CLANG_WARN_ENUM_CONVERSION = YES;
				CLANG_WARN_INFINITE_RECURSION = YES;
				CLANG_WARN_INT_CONVERSION = YES;
				CLANG_WARN_NON_LITERAL_NULL_CONVERSION = YES;
				CLANG_WARN_OBJC_IMPLICIT_RETAIN_SELF = YES;
				CLANG_WARN_OBJC_LITERAL_CONVERSION = YES;
				CLANG_WARN_OBJC_ROOT_CLASS = YES_ERROR;
				CLANG_WARN_QUOTED_INCLUDE_IN_FRAMEWORK_HEADER = YES;
				CLANG_WARN_RANGE_LOOP_ANALYSIS = YES;
				CLANG_WARN_STRICT_PROTOTYPES = YES;
				CLANG_WARN_SUSPICIOUS_MOVE = YES;
				CLANG_WARN_UNGUARDED_AVAILABILITY = YES_AGGRESSIVE;
				CLANG_WARN_UNREACHABLE_CODE = YES;
				CLANG_WARN__DUPLICATE_METHOD_MATCH = YES;
				COPY_PHASE_STRIP = NO;
				DEBUG_INFORMATION_FORMAT = "dwarf-with-dsym";
				ENABLE_NS_ASSERTIONS = NO;
				ENABLE_STRICT_OBJC_MSGSEND = YES;
				GCC_C_LANGUAGE_STANDARD = gnu11;
				GCC_NO_COMMON_BLOCKS = YES;
				GCC_WARN_64_TO_32_BIT_CONVERSION = YES;
				GCC_WARN_ABOUT_RETURN_TYPE = YES_ERROR;
				GCC_WARN_UNDECLARED_SELECTOR = YES;
				GCC_WARN_UNINITIALIZED_AUTOS = YES_AGGRESSIVE;
				GCC_WARN_UNUSED_FUNCTION = YES;
				GCC_WARN_UNUSED_VARIABLE = YES;
				IPHONEOS_DEPLOYMENT_TARGET = 16.0;
				MTL_ENABLE_DEBUG_INFO = NO;
				MTL_FAST_MATH = YES;
				SDKROOT = iphoneos;
				SWIFT_COMPILATION_MODE = wholemodule;
				SWIFT_OPTIMIZATION_LEVEL = "-O";
				VALIDATE_PRODUCT = YES;
			};
			name = Release;
		};
		22F2521D29B57B990010223E /* Debug */ = {
			isa = XCBuildConfiguration;
			buildSettings = {
				ALWAYS_EMBED_SWIFT_STANDARD_LIBRARIES = YES;
				ASSETCATALOG_COMPILER_ALTERNATE_APPICON_NAMES = "AppIcon-1 AppIcon-2 AppIcon-3 AppIcon-4 AppIcon-5 AppIcon-6 AppIcon-7 AppIcon-8 AppIcon-9 AppIcon-10 AppIcon-11 AppIcon-12 AppIcon-13 AppIcon-14 AppIcon-15 AppIcon-16 AppIcon-17 AppIcon-18";
				ASSETCATALOG_COMPILER_APPICON_NAME = AppIcon;
				ASSETCATALOG_COMPILER_GLOBAL_ACCENT_COLOR_NAME = AccentColor;
				CODE_SIGN_ENTITLEMENTS = RestRadar/RestRadar.entitlements;
				CODE_SIGN_STYLE = Automatic;
				CURRENT_PROJECT_VERSION = 1;
				DEVELOPMENT_ASSET_PATHS = "\"RestRadar/Preview Content\"";
				DEVELOPMENT_TEAM = 2RHGHNZ58B;
				ENABLE_PREVIEWS = YES;
				GENERATE_INFOPLIST_FILE = YES;
				INFOPLIST_FILE = RestRadar/Info.plist;
				INFOPLIST_KEY_CFBundleDisplayName = RestRadar;
				INFOPLIST_KEY_LSApplicationCategoryType = "public.app-category.utilities";
				INFOPLIST_KEY_NSHealthShareUsageDescription = "Walking Speed is used to better estimate how long it will take to reach a bathroom.";
				INFOPLIST_KEY_NSLocationWhenInUseUsageDescription = "RestRadar only uses your location to determine how far away bathrooms are from you. It will never be tracked or stored.";
				INFOPLIST_KEY_UIApplicationSceneManifest_Generation = YES;
				INFOPLIST_KEY_UIApplicationSupportsIndirectInputEvents = YES;
				INFOPLIST_KEY_UILaunchScreen_Generation = YES;
				INFOPLIST_KEY_UISupportedInterfaceOrientations = UIInterfaceOrientationPortrait;
				INFOPLIST_KEY_UISupportedInterfaceOrientations_iPad = "UIInterfaceOrientationLandscapeLeft UIInterfaceOrientationLandscapeRight UIInterfaceOrientationPortrait UIInterfaceOrientationPortraitUpsideDown";
				LD_RUNPATH_SEARCH_PATHS = (
					"$(inherited)",
					"@executable_path/Frameworks",
				);
				MARKETING_VERSION = 1.0;
				PRODUCT_BUNDLE_IDENTIFIER = com.paool.bathroom;
				PRODUCT_NAME = "$(TARGET_NAME)";
				SUPPORTED_PLATFORMS = "iphoneos iphonesimulator";
				SUPPORTS_MACCATALYST = YES;
				SUPPORTS_MAC_DESIGNED_FOR_IPHONE_IPAD = NO;
				SWIFT_EMIT_LOC_STRINGS = YES;
				SWIFT_VERSION = 5.0;
				TARGETED_DEVICE_FAMILY = "1,2";
			};
			name = Debug;
		};
		22F2521E29B57B990010223E /* Release */ = {
			isa = XCBuildConfiguration;
			buildSettings = {
				ALWAYS_EMBED_SWIFT_STANDARD_LIBRARIES = YES;
				ASSETCATALOG_COMPILER_ALTERNATE_APPICON_NAMES = "AppIcon-1 AppIcon-2 AppIcon-3 AppIcon-4 AppIcon-5 AppIcon-6 AppIcon-7 AppIcon-8 AppIcon-9 AppIcon-10 AppIcon-11 AppIcon-12 AppIcon-13 AppIcon-14 AppIcon-15 AppIcon-16 AppIcon-17 AppIcon-18";
				ASSETCATALOG_COMPILER_APPICON_NAME = AppIcon;
				ASSETCATALOG_COMPILER_GLOBAL_ACCENT_COLOR_NAME = AccentColor;
				CODE_SIGN_ENTITLEMENTS = RestRadar/RestRadar.entitlements;
				CODE_SIGN_STYLE = Automatic;
				CURRENT_PROJECT_VERSION = 1;
				DEVELOPMENT_ASSET_PATHS = "\"RestRadar/Preview Content\"";
				DEVELOPMENT_TEAM = 2RHGHNZ58B;
				ENABLE_PREVIEWS = YES;
				GENERATE_INFOPLIST_FILE = YES;
				INFOPLIST_FILE = RestRadar/Info.plist;
				INFOPLIST_KEY_CFBundleDisplayName = RestRadar;
				INFOPLIST_KEY_LSApplicationCategoryType = "public.app-category.utilities";
				INFOPLIST_KEY_NSHealthShareUsageDescription = "Walking Speed is used to better estimate how long it will take to reach a bathroom.";
				INFOPLIST_KEY_NSLocationWhenInUseUsageDescription = "RestRadar only uses your location to determine how far away bathrooms are from you. It will never be tracked or stored.";
				INFOPLIST_KEY_UIApplicationSceneManifest_Generation = YES;
				INFOPLIST_KEY_UIApplicationSupportsIndirectInputEvents = YES;
				INFOPLIST_KEY_UILaunchScreen_Generation = YES;
				INFOPLIST_KEY_UISupportedInterfaceOrientations = UIInterfaceOrientationPortrait;
				INFOPLIST_KEY_UISupportedInterfaceOrientations_iPad = "UIInterfaceOrientationLandscapeLeft UIInterfaceOrientationLandscapeRight UIInterfaceOrientationPortrait UIInterfaceOrientationPortraitUpsideDown";
				LD_RUNPATH_SEARCH_PATHS = (
					"$(inherited)",
					"@executable_path/Frameworks",
				);
				MARKETING_VERSION = 1.0;
				PRODUCT_BUNDLE_IDENTIFIER = com.paool.bathroom;
				PRODUCT_NAME = "$(TARGET_NAME)";
				SUPPORTED_PLATFORMS = "iphoneos iphonesimulator";
				SUPPORTS_MACCATALYST = YES;
				SUPPORTS_MAC_DESIGNED_FOR_IPHONE_IPAD = NO;
				SWIFT_EMIT_LOC_STRINGS = YES;
				SWIFT_VERSION = 5.0;
				TARGETED_DEVICE_FAMILY = "1,2";
			};
			name = Release;
		};
/* End XCBuildConfiguration section */

/* Begin XCConfigurationList section */
		2242AC0829E843E500AFD64F /* Build configuration list for PBXNativeTarget "ClosestBathroomWidgetExtension" */ = {
			isa = XCConfigurationList;
			buildConfigurations = (
				2242AC0929E843E500AFD64F /* Debug */,
				2242AC0A29E843E500AFD64F /* Release */,
			);
			defaultConfigurationIsVisible = 0;
			defaultConfigurationName = Release;
		};
		22F2520929B57B990010223E /* Build configuration list for PBXProject "RestRadar" */ = {
			isa = XCConfigurationList;
			buildConfigurations = (
				22F2521A29B57B990010223E /* Debug */,
				22F2521B29B57B990010223E /* Release */,
			);
			defaultConfigurationIsVisible = 0;
			defaultConfigurationName = Release;
		};
		22F2521C29B57B990010223E /* Build configuration list for PBXNativeTarget "RestRadar" */ = {
			isa = XCConfigurationList;
			buildConfigurations = (
				22F2521D29B57B990010223E /* Debug */,
				22F2521E29B57B990010223E /* Release */,
			);
			defaultConfigurationIsVisible = 0;
			defaultConfigurationName = Release;
		};
/* End XCConfigurationList section */

/* Begin XCRemoteSwiftPackageReference section */
		222881A52A46071B0098B788 /* XCRemoteSwiftPackageReference "Karte" */ = {
			isa = XCRemoteSwiftPackageReference;
			repositoryURL = "https://github.com/kiliankoe/Karte";
			requirement = {
				kind = upToNextMajorVersion;
				minimumVersion = 4.1.1;
			};
		};
		222881B52A461D630098B788 /* XCRemoteSwiftPackageReference "SwiftClient" */ = {
			isa = XCRemoteSwiftPackageReference;
			repositoryURL = "https://github.com/TelemetryDeck/SwiftClient";
			requirement = {
				kind = upToNextMajorVersion;
				minimumVersion = 1.4.3;
			};
		};
		2242742C29E60E2D00F2C196 /* XCRemoteSwiftPackageReference "Solar" */ = {
			isa = XCRemoteSwiftPackageReference;
			repositoryURL = "https://github.com/ceeK/Solar.git";
			requirement = {
				kind = upToNextMajorVersion;
				minimumVersion = 3.0.0;
			};
		};
		2242AC2129EB448600AFD64F /* XCRemoteSwiftPackageReference "shiny" */ = {
			isa = XCRemoteSwiftPackageReference;
			repositoryURL = "https://github.com/maustinstar/shiny.git";
			requirement = {
				branch = master;
				kind = branch;
			};
		};
		225BDBB32A212C1D00FB0DA5 /* XCRemoteSwiftPackageReference "SwiftCSV" */ = {
			isa = XCRemoteSwiftPackageReference;
			repositoryURL = "https://github.com/swiftcsv/SwiftCSV.git";
			requirement = {
				kind = upToNextMajorVersion;
				minimumVersion = 0.8.1;
			};
		};
		22E690872A28214300DBF2D9 /* XCRemoteSwiftPackageReference "purchases-ios" */ = {
			isa = XCRemoteSwiftPackageReference;
			repositoryURL = "https://github.com/RevenueCat/purchases-ios.git";
			requirement = {
				kind = upToNextMajorVersion;
				minimumVersion = 4.0.0;
			};
		};
/* End XCRemoteSwiftPackageReference section */

/* Begin XCSwiftPackageProductDependency section */
		222881A62A46071B0098B788 /* Karte */ = {
			isa = XCSwiftPackageProductDependency;
			package = 222881A52A46071B0098B788 /* XCRemoteSwiftPackageReference "Karte" */;
			productName = Karte;
		};
		222881B32A4613840098B788 /* Karte */ = {
			isa = XCSwiftPackageProductDependency;
			package = 222881A52A46071B0098B788 /* XCRemoteSwiftPackageReference "Karte" */;
			productName = Karte;
		};
		222881B62A461D630098B788 /* TelemetryClient */ = {
			isa = XCSwiftPackageProductDependency;
			package = 222881B52A461D630098B788 /* XCRemoteSwiftPackageReference "SwiftClient" */;
			productName = TelemetryClient;
		};
		222881B82A462ADE0098B788 /* TelemetryClient */ = {
			isa = XCSwiftPackageProductDependency;
			package = 222881B52A461D630098B788 /* XCRemoteSwiftPackageReference "SwiftClient" */;
			productName = TelemetryClient;
		};
		2242742D29E60E2D00F2C196 /* Solar */ = {
			isa = XCSwiftPackageProductDependency;
			package = 2242742C29E60E2D00F2C196 /* XCRemoteSwiftPackageReference "Solar" */;
			productName = Solar;
		};
		2242AC1329E8495D00AFD64F /* Solar */ = {
			isa = XCSwiftPackageProductDependency;
			package = 2242742C29E60E2D00F2C196 /* XCRemoteSwiftPackageReference "Solar" */;
			productName = Solar;
		};
		2242AC2229EB448600AFD64F /* Shiny */ = {
			isa = XCSwiftPackageProductDependency;
			package = 2242AC2129EB448600AFD64F /* XCRemoteSwiftPackageReference "shiny" */;
			productName = Shiny;
		};
		2242AC2429EB44D200AFD64F /* Shiny */ = {
			isa = XCSwiftPackageProductDependency;
			package = 2242AC2129EB448600AFD64F /* XCRemoteSwiftPackageReference "shiny" */;
			productName = Shiny;
		};
		225BDBB42A212C1D00FB0DA5 /* SwiftCSV */ = {
			isa = XCSwiftPackageProductDependency;
			package = 225BDBB32A212C1D00FB0DA5 /* XCRemoteSwiftPackageReference "SwiftCSV" */;
			productName = SwiftCSV;
		};
		225BDBB62A212F1600FB0DA5 /* SwiftCSV */ = {
			isa = XCSwiftPackageProductDependency;
			package = 225BDBB32A212C1D00FB0DA5 /* XCRemoteSwiftPackageReference "SwiftCSV" */;
			productName = SwiftCSV;
		};
		22E690882A28214300DBF2D9 /* RevenueCat */ = {
			isa = XCSwiftPackageProductDependency;
			package = 22E690872A28214300DBF2D9 /* XCRemoteSwiftPackageReference "purchases-ios" */;
			productName = RevenueCat;
		};
		22E6908A2A28214F00DBF2D9 /* RevenueCat */ = {
			isa = XCSwiftPackageProductDependency;
			package = 22E690872A28214300DBF2D9 /* XCRemoteSwiftPackageReference "purchases-ios" */;
			productName = RevenueCat;
		};
/* End XCSwiftPackageProductDependency section */
	};
	rootObject = 22F2520629B57B990010223E /* Project object */;
}
